
Microsoft Visual Studio Solution File, Format Version 12.00
# Visual Studio Version 17
VisualStudioVersion = 17.0.31903.59
MinimumVisualStudioVersion = 10.0.40219.1
Project("{8BC9CEB8-8B4A-11D0-8D11-00A0C91BC942}") = "All", "VisualStudio\All.vcxproj", "{03894C8D-A589-4679-BBDA-E4D4BCC9F990}"
	ProjectSection(ProjectDependencies) = postProject
		{C00C831C-7144-46DC-8DA7-079265428614} = {C00C831C-7144-46DC-8DA7-079265428614}
		{1A0E1B1F-158B-4A5D-B9C3-B355A41B7169} = {1A0E1B1F-158B-4A5D-B9C3-B355A41B7169}
		{3E11C949-1A5A-4F79-92B3-3249712CE5E3} = {3E11C949-1A5A-4F79-92B3-3249712CE5E3}
		{D27326C5-385F-4465-B979-0CF02CD8DFCE} = {D27326C5-385F-4465-B979-0CF02CD8DFCE}
	EndProjectSection
EndProject
Project("{8BC9CEB8-8B4A-11D0-8D11-00A0C91BC942}") = "CF++ DLL VC142", "VisualStudio\CF++ DLL VC142.vcxproj", "{C00C831C-7144-46DC-8DA7-079265428614}"
EndProject
Project("{8BC9CEB8-8B4A-11D0-8D11-00A0C91BC942}") = "CF++ Static VC142", "VisualStudio\CF++ Static VC142.vcxproj", "{D27326C5-385F-4465-B979-0CF02CD8DFCE}"
EndProject
Project("{8BC9CEB8-8B4A-11D0-8D11-00A0C91BC942}") = "CF++ DLL VC143", "VisualStudio\CF++ DLL VC143.vcxproj", "{1A0E1B1F-158B-4A5D-B9C3-B355A41B7169}"
EndProject
Project("{8BC9CEB8-8B4A-11D0-8D11-00A0C91BC942}") = "CF++ Static VC143", "VisualStudio\CF++ Static VC143.vcxproj", "{3E11C949-1A5A-4F79-92B3-3249712CE5E3}"
EndProject
Global
	GlobalSection(SolutionConfigurationPlatforms) = preSolution
		Debug|x64 = Debug|x64
		Debug|x86 = Debug|x86
		Release|x64 = Release|x64
		Release|x86 = Release|x86
	EndGlobalSection
	GlobalSection(ProjectConfigurationPlatforms) = postSolution
		{03894C8D-A589-4679-BBDA-E4D4BCC9F990}.Debug|x64.ActiveCfg = Debug|x64
		{03894C8D-A589-4679-BBDA-E4D4BCC9F990}.Debug|x64.Build.0 = Debug|x64
		{03894C8D-A589-4679-BBDA-E4D4BCC9F990}.Debug|x86.ActiveCfg = Debug|Win32
		{03894C8D-A589-4679-BBDA-E4D4BCC9F990}.Debug|x86.Build.0 = Debug|Win32
		{03894C8D-A589-4679-BBDA-E4D4BCC9F990}.Release|x64.ActiveCfg = Release|x64
		{03894C8D-A589-4679-BBDA-E4D4BCC9F990}.Release|x64.Build.0 = Release|x64
		{03894C8D-A589-4679-BBDA-E4D4BCC9F990}.Release|x86.ActiveCfg = Release|Win32
		{03894C8D-A589-4679-BBDA-E4D4BCC9F990}.Release|x86.Build.0 = Release|Win32
		{C00C831C-7144-46DC-8DA7-079265428614}.Debug|x64.ActiveCfg = Debug|x64
		{C00C831C-7144-46DC-8DA7-079265428614}.Debug|x64.Build.0 = Debug|x64
		{C00C831C-7144-46DC-8DA7-079265428614}.Debug|x86.ActiveCfg = Debug|Win32
		{C00C831C-7144-46DC-8DA7-079265428614}.Debug|x86.Build.0 = Debug|Win32
		{C00C831C-7144-46DC-8DA7-079265428614}.Release|x64.ActiveCfg = Release|x64
		{C00C831C-7144-46DC-8DA7-079265428614}.Release|x64.Build.0 = Release|x64
		{C00C831C-7144-46DC-8DA7-079265428614}.Release|x86.ActiveCfg = Release|Win32
		{C00C831C-7144-46DC-8DA7-079265428614}.Release|x86.Build.0 = Release|Win32
		{D27326C5-385F-4465-B979-0CF02CD8DFCE}.Debug|x64.ActiveCfg = Debug|x64
		{D27326C5-385F-4465-B979-0CF02CD8DFCE}.Debug|x64.Build.0 = Debug|x64
		{D27326C5-385F-4465-B979-0CF02CD8DFCE}.Debug|x86.ActiveCfg = Debug|Win32
		{D27326C5-385F-4465-B979-0CF02CD8DFCE}.Debug|x86.Build.0 = Debug|Win32
		{D27326C5-385F-4465-B979-0CF02CD8DFCE}.Release|x64.ActiveCfg = Release|x64
		{D27326C5-385F-4465-B979-0CF02CD8DFCE}.Release|x64.Build.0 = Release|x64
		{D27326C5-385F-4465-B979-0CF02CD8DFCE}.Release|x86.ActiveCfg = Release|Win32
		{D27326C5-385F-4465-B979-0CF02CD8DFCE}.Release|x86.Build.0 = Release|Win32
		{1A0E1B1F-158B-4A5D-B9C3-B355A41B7169}.Debug|x64.ActiveCfg = Debug|x64
		{1A0E1B1F-158B-4A5D-B9C3-B355A41B7169}.Debug|x64.Build.0 = Debug|x64
		{1A0E1B1F-158B-4A5D-B9C3-B355A41B7169}.Debug|x86.ActiveCfg = Debug|Win32
		{1A0E1B1F-158B-4A5D-B9C3-B355A41B7169}.Debug|x86.Build.0 = Debug|Win32
		{1A0E1B1F-158B-4A5D-B9C3-B355A41B7169}.Release|x64.ActiveCfg = Release|x64
		{1A0E1B1F-158B-4A5D-B9C3-B355A41B7169}.Release|x64.Build.0 = Release|x64
		{1A0E1B1F-158B-4A5D-B9C3-B355A41B7169}.Release|x86.ActiveCfg = Release|Win32
		{1A0E1B1F-158B-4A5D-B9C3-B355A41B7169}.Release|x86.Build.0 = Release|Win32
		{3E11C949-1A5A-4F79-92B3-3249712CE5E3}.Debug|x64.ActiveCfg = Debug|x64
		{3E11C949-1A5A-4F79-92B3-3249712CE5E3}.Debug|x64.Build.0 = Debug|x64
		{3E11C949-1A5A-4F79-92B3-3249712CE5E3}.Debug|x86.ActiveCfg = Debug|Win32
		{3E11C949-1A5A-4F79-92B3-3249712CE5E3}.Debug|x86.Build.0 = Debug|Win32
		{3E11C949-1A5A-4F79-92B3-3249712CE5E3}.Release|x64.ActiveCfg = Release|x64
		{3E11C949-1A5A-4F79-92B3-3249712CE5E3}.Release|x64.Build.0 = Release|x64
		{3E11C949-1A5A-4F79-92B3-3249712CE5E3}.Release|x86.ActiveCfg = Release|Win32
		{3E11C949-1A5A-4F79-92B3-3249712CE5E3}.Release|x86.Build.0 = Release|Win32
	EndGlobalSection
	GlobalSection(SolutionProperties) = preSolution
		HideSolutionNode = FALSE
	EndGlobalSection
	GlobalSection(ExtensibilityGlobals) = postSolution
		SolutionGuid = {BF8ECDB5-C3ED-42A9-9FD8-8D52113D78BC}
	EndGlobalSection
EndGlobal
