
Microsoft Visual Studio Solution File, Format Version 12.00
# Visual Studio 15
VisualStudioVersion = 15.0.27004.2002
MinimumVisualStudioVersion = 10.0.40219.1
Project("{8BC9CEB8-8B4A-11D0-8D11-00A0C91BC942}") = "CF++ Static VC140 XP", "VisualStudio\CF++ Static VC140 XP.vcxproj", "{CD8F16DB-7A6D-4968-AD40-10214184B501}"
EndProject
Project("{8BC9CEB8-8B4A-11D0-8D11-00A0C91BC942}") = "CF++ DLL VC140 XP", "VisualStudio\CF++ DLL VC140 XP.vcxproj", "{B40AE694-6B8F-46E0-8107-DA8A91F61557}"
EndProject
Project("{8BC9CEB8-8B4A-11D0-8D11-00A0C91BC942}") = "CF++ DLL VC141 XP", "VisualStudio\CF++ DLL VC141 XP.vcxproj", "{23BBA300-C576-405E-9422-C7A702532E35}"
EndProject
Project("{8BC9CEB8-8B4A-11D0-8D11-00A0C91BC942}") = "CF++ Static VC141 XP", "VisualStudio\CF++ Static VC141 XP.vcxproj", "{4BF90FD3-119C-46B7-B0DA-68B108455113}"
EndProject
Project("{8BC9CEB8-8B4A-11D0-8D11-00A0C91BC942}") = "All", "VisualStudio\All.vcxproj", "{03894C8D-A589-4679-BBDA-E4D4BCC9F990}"
	ProjectSection(ProjectDependencies) = postProject
		{23BBA300-C576-405E-9422-C7A702532E35} = {23BBA300-C576-405E-9422-C7A702532E35}
		{B40AE694-6B8F-46E0-8107-DA8A91F61557} = {B40AE694-6B8F-46E0-8107-DA8A91F61557}
		{4BF90FD3-119C-46B7-B0DA-68B108455113} = {4BF90FD3-119C-46B7-B0DA-68B108455113}
		{CD8F16DB-7A6D-4968-AD40-10214184B501} = {CD8F16DB-7A6D-4968-AD40-10214184B501}
		{AC95BCF4-152E-4D9A-BDBF-DC5A8731DF69} = {AC95BCF4-152E-4D9A-BDBF-DC5A8731DF69}
	EndProjectSection
EndProject
Project("{8BC9CEB8-8B4A-11D0-8D11-00A0C91BC942}") = "Unit-Tests", "VisualStudio\Unit-Tests\Unit-Tests.vcxproj", "{AC95BCF4-152E-4D9A-BDBF-DC5A8731DF69}"
EndProject
Global
	GlobalSection(SolutionConfigurationPlatforms) = preSolution
		Debug|32-bit = Debug|32-bit
		Debug|64-bit = Debug|64-bit
		Debug|x64 = Debug|x64
		Debug|x86 = Debug|x86
		Release|32-bit = Release|32-bit
		Release|64-bit = Release|64-bit
		Release|x64 = Release|x64
		Release|x86 = Release|x86
	EndGlobalSection
	GlobalSection(ProjectConfigurationPlatforms) = postSolution
		{CD8F16DB-7A6D-4968-AD40-10214184B501}.Debug|32-bit.ActiveCfg = Debug|Win32
		{CD8F16DB-7A6D-4968-AD40-10214184B501}.Debug|32-bit.Build.0 = Debug|Win32
		{CD8F16DB-7A6D-4968-AD40-10214184B501}.Debug|64-bit.ActiveCfg = Debug|x64
		{CD8F16DB-7A6D-4968-AD40-10214184B501}.Debug|64-bit.Build.0 = Debug|x64
		{CD8F16DB-7A6D-4968-AD40-10214184B501}.Debug|x64.ActiveCfg = Debug|x64
		{CD8F16DB-7A6D-4968-AD40-10214184B501}.Debug|x64.Build.0 = Debug|x64
		{CD8F16DB-7A6D-4968-AD40-10214184B501}.Debug|x86.ActiveCfg = Debug|Win32
		{CD8F16DB-7A6D-4968-AD40-10214184B501}.Debug|x86.Build.0 = Debug|Win32
		{CD8F16DB-7A6D-4968-AD40-10214184B501}.Debug|x86.Deploy.0 = Debug|Win32
		{CD8F16DB-7A6D-4968-AD40-10214184B501}.Release|32-bit.ActiveCfg = Release|Win32
		{CD8F16DB-7A6D-4968-AD40-10214184B501}.Release|32-bit.Build.0 = Release|Win32
		{CD8F16DB-7A6D-4968-AD40-10214184B501}.Release|64-bit.ActiveCfg = Release|x64
		{CD8F16DB-7A6D-4968-AD40-10214184B501}.Release|64-bit.Build.0 = Release|x64
		{CD8F16DB-7A6D-4968-AD40-10214184B501}.Release|x64.ActiveCfg = Release|x64
		{CD8F16DB-7A6D-4968-AD40-10214184B501}.Release|x64.Build.0 = Release|x64
		{CD8F16DB-7A6D-4968-AD40-10214184B501}.Release|x86.ActiveCfg = Release|Win32
		{CD8F16DB-7A6D-4968-AD40-10214184B501}.Release|x86.Build.0 = Release|Win32
		{B40AE694-6B8F-46E0-8107-DA8A91F61557}.Debug|32-bit.ActiveCfg = Debug|Win32
		{B40AE694-6B8F-46E0-8107-DA8A91F61557}.Debug|32-bit.Build.0 = Debug|Win32
		{B40AE694-6B8F-46E0-8107-DA8A91F61557}.Debug|64-bit.ActiveCfg = Debug|x64
		{B40AE694-6B8F-46E0-8107-DA8A91F61557}.Debug|64-bit.Build.0 = Debug|x64
		{B40AE694-6B8F-46E0-8107-DA8A91F61557}.Debug|x64.ActiveCfg = Debug|x64
		{B40AE694-6B8F-46E0-8107-DA8A91F61557}.Debug|x64.Build.0 = Debug|x64
		{B40AE694-6B8F-46E0-8107-DA8A91F61557}.Debug|x86.ActiveCfg = Debug|Win32
		{B40AE694-6B8F-46E0-8107-DA8A91F61557}.Debug|x86.Build.0 = Debug|Win32
		{B40AE694-6B8F-46E0-8107-DA8A91F61557}.Debug|x86.Deploy.0 = Debug|Win32
		{B40AE694-6B8F-46E0-8107-DA8A91F61557}.Release|32-bit.ActiveCfg = Release|Win32
		{B40AE694-6B8F-46E0-8107-DA8A91F61557}.Release|32-bit.Build.0 = Release|Win32
		{B40AE694-6B8F-46E0-8107-DA8A91F61557}.Release|64-bit.ActiveCfg = Release|x64
		{B40AE694-6B8F-46E0-8107-DA8A91F61557}.Release|64-bit.Build.0 = Release|x64
		{B40AE694-6B8F-46E0-8107-DA8A91F61557}.Release|x64.ActiveCfg = Release|x64
		{B40AE694-6B8F-46E0-8107-DA8A91F61557}.Release|x64.Build.0 = Release|x64
		{B40AE694-6B8F-46E0-8107-DA8A91F61557}.Release|x86.ActiveCfg = Release|Win32
		{B40AE694-6B8F-46E0-8107-DA8A91F61557}.Release|x86.Build.0 = Release|Win32
		{23BBA300-C576-405E-9422-C7A702532E35}.Debug|32-bit.ActiveCfg = Debug|Win32
		{23BBA300-C576-405E-9422-C7A702532E35}.Debug|32-bit.Build.0 = Debug|Win32
		{23BBA300-C576-405E-9422-C7A702532E35}.Debug|64-bit.ActiveCfg = Debug|x64
		{23BBA300-C576-405E-9422-C7A702532E35}.Debug|64-bit.Build.0 = Debug|x64
		{23BBA300-C576-405E-9422-C7A702532E35}.Debug|x64.ActiveCfg = Debug|x64
		{23BBA300-C576-405E-9422-C7A702532E35}.Debug|x64.Build.0 = Debug|x64
		{23BBA300-C576-405E-9422-C7A702532E35}.Debug|x86.ActiveCfg = Debug|Win32
		{23BBA300-C576-405E-9422-C7A702532E35}.Debug|x86.Build.0 = Debug|Win32
		{23BBA300-C576-405E-9422-C7A702532E35}.Debug|x86.Deploy.0 = Debug|Win32
		{23BBA300-C576-405E-9422-C7A702532E35}.Release|32-bit.ActiveCfg = Release|Win32
		{23BBA300-C576-405E-9422-C7A702532E35}.Release|32-bit.Build.0 = Release|Win32
		{23BBA300-C576-405E-9422-C7A702532E35}.Release|64-bit.ActiveCfg = Release|x64
		{23BBA300-C576-405E-9422-C7A702532E35}.Release|64-bit.Build.0 = Release|x64
		{23BBA300-C576-405E-9422-C7A702532E35}.Release|x64.ActiveCfg = Release|x64
		{23BBA300-C576-405E-9422-C7A702532E35}.Release|x64.Build.0 = Release|x64
		{23BBA300-C576-405E-9422-C7A702532E35}.Release|x86.ActiveCfg = Release|Win32
		{23BBA300-C576-405E-9422-C7A702532E35}.Release|x86.Build.0 = Release|Win32
		{4BF90FD3-119C-46B7-B0DA-68B108455113}.Debug|32-bit.ActiveCfg = Debug|Win32
		{4BF90FD3-119C-46B7-B0DA-68B108455113}.Debug|32-bit.Build.0 = Debug|Win32
		{4BF90FD3-119C-46B7-B0DA-68B108455113}.Debug|64-bit.ActiveCfg = Debug|x64
		{4BF90FD3-119C-46B7-B0DA-68B108455113}.Debug|64-bit.Build.0 = Debug|x64
		{4BF90FD3-119C-46B7-B0DA-68B108455113}.Debug|x64.ActiveCfg = Debug|x64
		{4BF90FD3-119C-46B7-B0DA-68B108455113}.Debug|x64.Build.0 = Debug|x64
		{4BF90FD3-119C-46B7-B0DA-68B108455113}.Debug|x86.ActiveCfg = Debug|Win32
		{4BF90FD3-119C-46B7-B0DA-68B108455113}.Debug|x86.Build.0 = Debug|Win32
		{4BF90FD3-119C-46B7-B0DA-68B108455113}.Release|32-bit.ActiveCfg = Release|Win32
		{4BF90FD3-119C-46B7-B0DA-68B108455113}.Release|32-bit.Build.0 = Release|Win32
		{4BF90FD3-119C-46B7-B0DA-68B108455113}.Release|64-bit.ActiveCfg = Release|x64
		{4BF90FD3-119C-46B7-B0DA-68B108455113}.Release|64-bit.Build.0 = Release|x64
		{4BF90FD3-119C-46B7-B0DA-68B108455113}.Release|x64.ActiveCfg = Release|x64
		{4BF90FD3-119C-46B7-B0DA-68B108455113}.Release|x64.Build.0 = Release|x64
		{4BF90FD3-119C-46B7-B0DA-68B108455113}.Release|x86.ActiveCfg = Release|Win32
		{4BF90FD3-119C-46B7-B0DA-68B108455113}.Release|x86.Build.0 = Release|Win32
		{03894C8D-A589-4679-BBDA-E4D4BCC9F990}.Debug|32-bit.ActiveCfg = Debug|Win32
		{03894C8D-A589-4679-BBDA-E4D4BCC9F990}.Debug|32-bit.Build.0 = Debug|Win32
		{03894C8D-A589-4679-BBDA-E4D4BCC9F990}.Debug|64-bit.ActiveCfg = Debug|x64
		{03894C8D-A589-4679-BBDA-E4D4BCC9F990}.Debug|64-bit.Build.0 = Debug|x64
		{03894C8D-A589-4679-BBDA-E4D4BCC9F990}.Debug|x64.ActiveCfg = Debug|x64
		{03894C8D-A589-4679-BBDA-E4D4BCC9F990}.Debug|x64.Build.0 = Debug|x64
		{03894C8D-A589-4679-BBDA-E4D4BCC9F990}.Debug|x86.ActiveCfg = Debug|Win32
		{03894C8D-A589-4679-BBDA-E4D4BCC9F990}.Debug|x86.Build.0 = Debug|Win32
		{03894C8D-A589-4679-BBDA-E4D4BCC9F990}.Release|32-bit.ActiveCfg = Release|Win32
		{03894C8D-A589-4679-BBDA-E4D4BCC9F990}.Release|32-bit.Build.0 = Release|Win32
		{03894C8D-A589-4679-BBDA-E4D4BCC9F990}.Release|64-bit.ActiveCfg = Release|x64
		{03894C8D-A589-4679-BBDA-E4D4BCC9F990}.Release|64-bit.Build.0 = Release|x64
		{03894C8D-A589-4679-BBDA-E4D4BCC9F990}.Release|x64.ActiveCfg = Release|x64
		{03894C8D-A589-4679-BBDA-E4D4BCC9F990}.Release|x64.Build.0 = Release|x64
		{03894C8D-A589-4679-BBDA-E4D4BCC9F990}.Release|x86.ActiveCfg = Release|Win32
		{03894C8D-A589-4679-BBDA-E4D4BCC9F990}.Release|x86.Build.0 = Release|Win32
		{AC95BCF4-152E-4D9A-BDBF-DC5A8731DF69}.Debug|32-bit.ActiveCfg = Debug|Win32
		{AC95BCF4-152E-4D9A-BDBF-DC5A8731DF69}.Debug|32-bit.Build.0 = Debug|Win32
		{AC95BCF4-152E-4D9A-BDBF-DC5A8731DF69}.Debug|64-bit.ActiveCfg = Debug|x64
		{AC95BCF4-152E-4D9A-BDBF-DC5A8731DF69}.Debug|64-bit.Build.0 = Debug|x64
		{AC95BCF4-152E-4D9A-BDBF-DC5A8731DF69}.Debug|x64.ActiveCfg = Debug|x64
		{AC95BCF4-152E-4D9A-BDBF-DC5A8731DF69}.Debug|x64.Build.0 = Debug|x64
		{AC95BCF4-152E-4D9A-BDBF-DC5A8731DF69}.Debug|x86.ActiveCfg = Debug|Win32
		{AC95BCF4-152E-4D9A-BDBF-DC5A8731DF69}.Debug|x86.Build.0 = Debug|Win32
		{AC95BCF4-152E-4D9A-BDBF-DC5A8731DF69}.Release|32-bit.ActiveCfg = Release|Win32
		{AC95BCF4-152E-4D9A-BDBF-DC5A8731DF69}.Release|32-bit.Build.0 = Release|Win32
		{AC95BCF4-152E-4D9A-BDBF-DC5A8731DF69}.Release|64-bit.ActiveCfg = Release|x64
		{AC95BCF4-152E-4D9A-BDBF-DC5A8731DF69}.Release|64-bit.Build.0 = Release|x64
		{AC95BCF4-152E-4D9A-BDBF-DC5A8731DF69}.Release|x64.ActiveCfg = Release|x64
		{AC95BCF4-152E-4D9A-BDBF-DC5A8731DF69}.Release|x64.Build.0 = Release|x64
		{AC95BCF4-152E-4D9A-BDBF-DC5A8731DF69}.Release|x86.ActiveCfg = Release|Win32
		{AC95BCF4-152E-4D9A-BDBF-DC5A8731DF69}.Release|x86.Build.0 = Release|Win32
	EndGlobalSection
	GlobalSection(SolutionProperties) = preSolution
		HideSolutionNode = FALSE
	EndGlobalSection
	GlobalSection(ExtensibilityGlobals) = postSolution
		SolutionGuid = {BF8ECDB5-C3ED-42A9-9FD8-8D52113D78BC}
	EndGlobalSection
EndGlobal
