// !$*UTF8*$!
{
	archiveVersion = 1;
	classes = {
	};
	objectVersion = 46;
	objects = {

/* Begin PBXBuildFile section */
		05632F8C18ED5CA900EB76D2 /* CFPP-UUID.h in Headers */ = {isa = PBXBuildFile; fileRef = 05632F8B18ED5CA300EB76D2 /* CFPP-UUID.h */; settings = {ATTRIBUTES = (Public, ); }; };
		05632F8D18ED5CAA00EB76D2 /* CFPP-UUID.h in Headers */ = {isa = PBXBuildFile; fileRef = 05632F8B18ED5CA300EB76D2 /* CFPP-UUID.h */; settings = {ATTRIBUTES = (Public, ); }; };
		05632F8E18ED5CAA00EB76D2 /* CFPP-UUID.h in Headers */ = {isa = PBXBuildFile; fileRef = 05632F8B18ED5CA300EB76D2 /* CFPP-UUID.h */; settings = {ATTRIBUTES = (Public, ); }; };
		05632F9018ED5E4900EB76D2 /* CFPP-UUID.cpp in Sources */ = {isa = PBXBuildFile; fileRef = 05632F8F18ED5E4900EB76D2 /* CFPP-UUID.cpp */; };
		05632F9118ED5E4900EB76D2 /* CFPP-UUID.cpp in Sources */ = {isa = PBXBuildFile; fileRef = 05632F8F18ED5E4900EB76D2 /* CFPP-UUID.cpp */; };
		05632F9218ED5E4900EB76D2 /* CFPP-UUID.cpp in Sources */ = {isa = PBXBuildFile; fileRef = 05632F8F18ED5E4900EB76D2 /* CFPP-UUID.cpp */; };
		05632F9318ED5E4900EB76D2 /* CFPP-UUID.cpp in Sources */ = {isa = PBXBuildFile; fileRef = 05632F8F18ED5E4900EB76D2 /* CFPP-UUID.cpp */; };
		056C884118C8C232006260B3 /* libCF++.a in Frameworks */ = {isa = PBXBuildFile; fileRef = 056C881218C8B85F006260B3 /* libCF++.a */; };
		056C885218C8C5F4006260B3 /* CoreFoundation.framework in Frameworks */ = {isa = PBXBuildFile; fileRef = 056C87FD18C8B3B4006260B3 /* CoreFoundation.framework */; };
		056C88A518C8C890006260B3 /* CoreFoundation.framework in Frameworks */ = {isa = PBXBuildFile; fileRef = 056C87FD18C8B3B4006260B3 /* CoreFoundation.framework */; };
		056C88E618C8D850006260B3 /* CoreFoundation.framework in Frameworks */ = {isa = PBXBuildFile; fileRef = 056C87FD18C8B3B4006260B3 /* CoreFoundation.framework */; };
		05A3A76E18CF00DF00F7E0BC /* CFPP-Error.cpp in Sources */ = {isa = PBXBuildFile; fileRef = 05A3A76D18CF00DF00F7E0BC /* CFPP-Error.cpp */; };
		05A3A76F18CF00DF00F7E0BC /* CFPP-Error.cpp in Sources */ = {isa = PBXBuildFile; fileRef = 05A3A76D18CF00DF00F7E0BC /* CFPP-Error.cpp */; };
		05A3A77018CF00DF00F7E0BC /* CFPP-Error.cpp in Sources */ = {isa = PBXBuildFile; fileRef = 05A3A76D18CF00DF00F7E0BC /* CFPP-Error.cpp */; };
		05A3A77118CF00DF00F7E0BC /* CFPP-Error.cpp in Sources */ = {isa = PBXBuildFile; fileRef = 05A3A76D18CF00DF00F7E0BC /* CFPP-Error.cpp */; };
		05A3A77518CF00EB00F7E0BC /* CFPP-Error.h in Headers */ = {isa = PBXBuildFile; fileRef = 05A3A76C18CF00D200F7E0BC /* CFPP-Error.h */; settings = {ATTRIBUTES = (Public, ); }; };
		05A3A77618CF00EC00F7E0BC /* CFPP-Error.h in Headers */ = {isa = PBXBuildFile; fileRef = 05A3A76C18CF00D200F7E0BC /* CFPP-Error.h */; settings = {ATTRIBUTES = (Public, ); }; };
		05A3A77718CF00EC00F7E0BC /* CFPP-Error.h in Headers */ = {isa = PBXBuildFile; fileRef = 05A3A76C18CF00D200F7E0BC /* CFPP-Error.h */; settings = {ATTRIBUTES = (Public, ); }; };
		05BDE02718CDB2480028F339 /* main.cpp in Sources */ = {isa = PBXBuildFile; fileRef = 05BDE02618CDB2450028F339 /* main.cpp */; };
		05BDE02818CDB2540028F339 /* CFPP-Array.cpp in Sources */ = {isa = PBXBuildFile; fileRef = 05BDE01B18CDB2450028F339 /* CFPP-Array.cpp */; };
		05BDE02918CDB2540028F339 /* CFPP-Boolean.cpp in Sources */ = {isa = PBXBuildFile; fileRef = 05BDE01C18CDB2450028F339 /* CFPP-Boolean.cpp */; };
		05BDE02A18CDB2540028F339 /* CFPP-Data.cpp in Sources */ = {isa = PBXBuildFile; fileRef = 05BDE01D18CDB2450028F339 /* CFPP-Data.cpp */; };
		05BDE02B18CDB2540028F339 /* CFPP-Date.cpp in Sources */ = {isa = PBXBuildFile; fileRef = 05BDE01E18CDB2450028F339 /* CFPP-Date.cpp */; };
		05BDE02C18CDB2540028F339 /* CFPP-Dictionary.cpp in Sources */ = {isa = PBXBuildFile; fileRef = 05BDE01F18CDB2450028F339 /* CFPP-Dictionary.cpp */; };
		05BDE02D18CDB2540028F339 /* CFPP-Number.cpp in Sources */ = {isa = PBXBuildFile; fileRef = 05BDE02018CDB2450028F339 /* CFPP-Number.cpp */; };
		05BDE02E18CDB2540028F339 /* CFPP-Pair.cpp in Sources */ = {isa = PBXBuildFile; fileRef = 05BDE02118CDB2450028F339 /* CFPP-Pair.cpp */; };
		05BDE02F18CDB2540028F339 /* CFPP-String.cpp in Sources */ = {isa = PBXBuildFile; fileRef = 05BDE02218CDB2450028F339 /* CFPP-String.cpp */; };
		05BDE03018CDB2540028F339 /* CFPP-Type.cpp in Sources */ = {isa = PBXBuildFile; fileRef = 05BDE02318CDB2450028F339 /* CFPP-Type.cpp */; };
		05BDE03118CDB2540028F339 /* CFPP-URL.cpp in Sources */ = {isa = PBXBuildFile; fileRef = 05BDE02418CDB2450028F339 /* CFPP-URL.cpp */; };
		05BDE03218CDB2540028F339 /* CFPP-Array.cpp in Sources */ = {isa = PBXBuildFile; fileRef = 05BDE01B18CDB2450028F339 /* CFPP-Array.cpp */; };
		05BDE03318CDB2540028F339 /* CFPP-Boolean.cpp in Sources */ = {isa = PBXBuildFile; fileRef = 05BDE01C18CDB2450028F339 /* CFPP-Boolean.cpp */; };
		05BDE03418CDB2540028F339 /* CFPP-Data.cpp in Sources */ = {isa = PBXBuildFile; fileRef = 05BDE01D18CDB2450028F339 /* CFPP-Data.cpp */; };
		05BDE03518CDB2540028F339 /* CFPP-Date.cpp in Sources */ = {isa = PBXBuildFile; fileRef = 05BDE01E18CDB2450028F339 /* CFPP-Date.cpp */; };
		05BDE03618CDB2540028F339 /* CFPP-Dictionary.cpp in Sources */ = {isa = PBXBuildFile; fileRef = 05BDE01F18CDB2450028F339 /* CFPP-Dictionary.cpp */; };
		05BDE03718CDB2540028F339 /* CFPP-Number.cpp in Sources */ = {isa = PBXBuildFile; fileRef = 05BDE02018CDB2450028F339 /* CFPP-Number.cpp */; };
		05BDE03818CDB2540028F339 /* CFPP-Pair.cpp in Sources */ = {isa = PBXBuildFile; fileRef = 05BDE02118CDB2450028F339 /* CFPP-Pair.cpp */; };
		05BDE03918CDB2540028F339 /* CFPP-String.cpp in Sources */ = {isa = PBXBuildFile; fileRef = 05BDE02218CDB2450028F339 /* CFPP-String.cpp */; };
		05BDE03A18CDB2540028F339 /* CFPP-Type.cpp in Sources */ = {isa = PBXBuildFile; fileRef = 05BDE02318CDB2450028F339 /* CFPP-Type.cpp */; };
		05BDE03B18CDB2540028F339 /* CFPP-URL.cpp in Sources */ = {isa = PBXBuildFile; fileRef = 05BDE02418CDB2450028F339 /* CFPP-URL.cpp */; };
		05BDE03C18CDB2540028F339 /* CFPP-Array.cpp in Sources */ = {isa = PBXBuildFile; fileRef = 05BDE01B18CDB2450028F339 /* CFPP-Array.cpp */; };
		05BDE03D18CDB2540028F339 /* CFPP-Boolean.cpp in Sources */ = {isa = PBXBuildFile; fileRef = 05BDE01C18CDB2450028F339 /* CFPP-Boolean.cpp */; };
		05BDE03E18CDB2540028F339 /* CFPP-Data.cpp in Sources */ = {isa = PBXBuildFile; fileRef = 05BDE01D18CDB2450028F339 /* CFPP-Data.cpp */; };
		05BDE03F18CDB2540028F339 /* CFPP-Date.cpp in Sources */ = {isa = PBXBuildFile; fileRef = 05BDE01E18CDB2450028F339 /* CFPP-Date.cpp */; };
		05BDE04018CDB2540028F339 /* CFPP-Dictionary.cpp in Sources */ = {isa = PBXBuildFile; fileRef = 05BDE01F18CDB2450028F339 /* CFPP-Dictionary.cpp */; };
		05BDE04118CDB2540028F339 /* CFPP-Number.cpp in Sources */ = {isa = PBXBuildFile; fileRef = 05BDE02018CDB2450028F339 /* CFPP-Number.cpp */; };
		05BDE04218CDB2540028F339 /* CFPP-Pair.cpp in Sources */ = {isa = PBXBuildFile; fileRef = 05BDE02118CDB2450028F339 /* CFPP-Pair.cpp */; };
		05BDE04318CDB2540028F339 /* CFPP-String.cpp in Sources */ = {isa = PBXBuildFile; fileRef = 05BDE02218CDB2450028F339 /* CFPP-String.cpp */; };
		05BDE04418CDB2540028F339 /* CFPP-Type.cpp in Sources */ = {isa = PBXBuildFile; fileRef = 05BDE02318CDB2450028F339 /* CFPP-Type.cpp */; };
		05BDE04518CDB2540028F339 /* CFPP-URL.cpp in Sources */ = {isa = PBXBuildFile; fileRef = 05BDE02418CDB2450028F339 /* CFPP-URL.cpp */; };
		05BDE04618CDB2550028F339 /* CFPP-Array.cpp in Sources */ = {isa = PBXBuildFile; fileRef = 05BDE01B18CDB2450028F339 /* CFPP-Array.cpp */; };
		05BDE04718CDB2550028F339 /* CFPP-Boolean.cpp in Sources */ = {isa = PBXBuildFile; fileRef = 05BDE01C18CDB2450028F339 /* CFPP-Boolean.cpp */; };
		05BDE04818CDB2550028F339 /* CFPP-Data.cpp in Sources */ = {isa = PBXBuildFile; fileRef = 05BDE01D18CDB2450028F339 /* CFPP-Data.cpp */; };
		05BDE04918CDB2550028F339 /* CFPP-Date.cpp in Sources */ = {isa = PBXBuildFile; fileRef = 05BDE01E18CDB2450028F339 /* CFPP-Date.cpp */; };
		05BDE04A18CDB2550028F339 /* CFPP-Dictionary.cpp in Sources */ = {isa = PBXBuildFile; fileRef = 05BDE01F18CDB2450028F339 /* CFPP-Dictionary.cpp */; };
		05BDE04B18CDB2550028F339 /* CFPP-Number.cpp in Sources */ = {isa = PBXBuildFile; fileRef = 05BDE02018CDB2450028F339 /* CFPP-Number.cpp */; };
		05BDE04C18CDB2550028F339 /* CFPP-Pair.cpp in Sources */ = {isa = PBXBuildFile; fileRef = 05BDE02118CDB2450028F339 /* CFPP-Pair.cpp */; };
		05BDE04D18CDB2550028F339 /* CFPP-String.cpp in Sources */ = {isa = PBXBuildFile; fileRef = 05BDE02218CDB2450028F339 /* CFPP-String.cpp */; };
		05BDE04E18CDB2550028F339 /* CFPP-Type.cpp in Sources */ = {isa = PBXBuildFile; fileRef = 05BDE02318CDB2450028F339 /* CFPP-Type.cpp */; };
		05BDE04F18CDB2550028F339 /* CFPP-URL.cpp in Sources */ = {isa = PBXBuildFile; fileRef = 05BDE02418CDB2450028F339 /* CFPP-URL.cpp */; };
		05BDE05018CDB25E0028F339 /* CFPP-Array.h in Headers */ = {isa = PBXBuildFile; fileRef = 05BDE00D18CDB2450028F339 /* CFPP-Array.h */; settings = {ATTRIBUTES = (Public, ); }; };
		05BDE05118CDB25E0028F339 /* CFPP-Boolean.h in Headers */ = {isa = PBXBuildFile; fileRef = 05BDE00E18CDB2450028F339 /* CFPP-Boolean.h */; settings = {ATTRIBUTES = (Public, ); }; };
		05BDE05218CDB25E0028F339 /* CFPP-Data.h in Headers */ = {isa = PBXBuildFile; fileRef = 05BDE00F18CDB2450028F339 /* CFPP-Data.h */; settings = {ATTRIBUTES = (Public, ); }; };
		05BDE05318CDB25E0028F339 /* CFPP-Date.h in Headers */ = {isa = PBXBuildFile; fileRef = 05BDE01018CDB2450028F339 /* CFPP-Date.h */; settings = {ATTRIBUTES = (Public, ); }; };
		05BDE05418CDB25E0028F339 /* CFPP-Dictionary.h in Headers */ = {isa = PBXBuildFile; fileRef = 05BDE01118CDB2450028F339 /* CFPP-Dictionary.h */; settings = {ATTRIBUTES = (Public, ); }; };
		05BDE05518CDB25E0028F339 /* CFPP-Number.h in Headers */ = {isa = PBXBuildFile; fileRef = 05BDE01218CDB2450028F339 /* CFPP-Number.h */; settings = {ATTRIBUTES = (Public, ); }; };
		05BDE05618CDB25E0028F339 /* CFPP-Pair.h in Headers */ = {isa = PBXBuildFile; fileRef = 05BDE01318CDB2450028F339 /* CFPP-Pair.h */; settings = {ATTRIBUTES = (Public, ); }; };
		05BDE05718CDB25E0028F339 /* CFPP-String.h in Headers */ = {isa = PBXBuildFile; fileRef = 05BDE01418CDB2450028F339 /* CFPP-String.h */; settings = {ATTRIBUTES = (Public, ); }; };
		05BDE05818CDB25E0028F339 /* CFPP-Type.h in Headers */ = {isa = PBXBuildFile; fileRef = 05BDE01518CDB2450028F339 /* CFPP-Type.h */; settings = {ATTRIBUTES = (Public, ); }; };
		05BDE05918CDB25E0028F339 /* CFPP-URL.h in Headers */ = {isa = PBXBuildFile; fileRef = 05BDE01618CDB2450028F339 /* CFPP-URL.h */; settings = {ATTRIBUTES = (Public, ); }; };
		05BDE05A18CDB25E0028F339 /* CF++.h in Headers */ = {isa = PBXBuildFile; fileRef = 05BDE01718CDB2450028F339 /* CF++.h */; settings = {ATTRIBUTES = (Public, ); }; };
		05BDE05B18CDB25F0028F339 /* CFPP-Array.h in Headers */ = {isa = PBXBuildFile; fileRef = 05BDE00D18CDB2450028F339 /* CFPP-Array.h */; settings = {ATTRIBUTES = (Public, ); }; };
		05BDE05C18CDB25F0028F339 /* CFPP-Boolean.h in Headers */ = {isa = PBXBuildFile; fileRef = 05BDE00E18CDB2450028F339 /* CFPP-Boolean.h */; settings = {ATTRIBUTES = (Public, ); }; };
		05BDE05D18CDB25F0028F339 /* CFPP-Data.h in Headers */ = {isa = PBXBuildFile; fileRef = 05BDE00F18CDB2450028F339 /* CFPP-Data.h */; settings = {ATTRIBUTES = (Public, ); }; };
		05BDE05E18CDB25F0028F339 /* CFPP-Date.h in Headers */ = {isa = PBXBuildFile; fileRef = 05BDE01018CDB2450028F339 /* CFPP-Date.h */; settings = {ATTRIBUTES = (Public, ); }; };
		05BDE05F18CDB25F0028F339 /* CFPP-Dictionary.h in Headers */ = {isa = PBXBuildFile; fileRef = 05BDE01118CDB2450028F339 /* CFPP-Dictionary.h */; settings = {ATTRIBUTES = (Public, ); }; };
		05BDE06018CDB25F0028F339 /* CFPP-Number.h in Headers */ = {isa = PBXBuildFile; fileRef = 05BDE01218CDB2450028F339 /* CFPP-Number.h */; settings = {ATTRIBUTES = (Public, ); }; };
		05BDE06118CDB25F0028F339 /* CFPP-Pair.h in Headers */ = {isa = PBXBuildFile; fileRef = 05BDE01318CDB2450028F339 /* CFPP-Pair.h */; settings = {ATTRIBUTES = (Public, ); }; };
		05BDE06218CDB25F0028F339 /* CFPP-String.h in Headers */ = {isa = PBXBuildFile; fileRef = 05BDE01418CDB2450028F339 /* CFPP-String.h */; settings = {ATTRIBUTES = (Public, ); }; };
		05BDE06318CDB25F0028F339 /* CFPP-Type.h in Headers */ = {isa = PBXBuildFile; fileRef = 05BDE01518CDB2450028F339 /* CFPP-Type.h */; settings = {ATTRIBUTES = (Public, ); }; };
		05BDE06418CDB25F0028F339 /* CFPP-URL.h in Headers */ = {isa = PBXBuildFile; fileRef = 05BDE01618CDB2450028F339 /* CFPP-URL.h */; settings = {ATTRIBUTES = (Public, ); }; };
		05BDE06518CDB25F0028F339 /* CF++.h in Headers */ = {isa = PBXBuildFile; fileRef = 05BDE01718CDB2450028F339 /* CF++.h */; settings = {ATTRIBUTES = (Public, ); }; };
		05BDE06618CDB2600028F339 /* CFPP-Array.h in Headers */ = {isa = PBXBuildFile; fileRef = 05BDE00D18CDB2450028F339 /* CFPP-Array.h */; settings = {ATTRIBUTES = (Public, ); }; };
		05BDE06718CDB2600028F339 /* CFPP-Boolean.h in Headers */ = {isa = PBXBuildFile; fileRef = 05BDE00E18CDB2450028F339 /* CFPP-Boolean.h */; settings = {ATTRIBUTES = (Public, ); }; };
		05BDE06818CDB2600028F339 /* CFPP-Data.h in Headers */ = {isa = PBXBuildFile; fileRef = 05BDE00F18CDB2450028F339 /* CFPP-Data.h */; settings = {ATTRIBUTES = (Public, ); }; };
		05BDE06918CDB2600028F339 /* CFPP-Date.h in Headers */ = {isa = PBXBuildFile; fileRef = 05BDE01018CDB2450028F339 /* CFPP-Date.h */; settings = {ATTRIBUTES = (Public, ); }; };
		05BDE06A18CDB2600028F339 /* CFPP-Dictionary.h in Headers */ = {isa = PBXBuildFile; fileRef = 05BDE01118CDB2450028F339 /* CFPP-Dictionary.h */; settings = {ATTRIBUTES = (Public, ); }; };
		05BDE06B18CDB2600028F339 /* CFPP-Number.h in Headers */ = {isa = PBXBuildFile; fileRef = 05BDE01218CDB2450028F339 /* CFPP-Number.h */; settings = {ATTRIBUTES = (Public, ); }; };
		05BDE06C18CDB2600028F339 /* CFPP-Pair.h in Headers */ = {isa = PBXBuildFile; fileRef = 05BDE01318CDB2450028F339 /* CFPP-Pair.h */; settings = {ATTRIBUTES = (Public, ); }; };
		05BDE06D18CDB2600028F339 /* CFPP-String.h in Headers */ = {isa = PBXBuildFile; fileRef = 05BDE01418CDB2450028F339 /* CFPP-String.h */; settings = {ATTRIBUTES = (Public, ); }; };
		05BDE06E18CDB2600028F339 /* CFPP-Type.h in Headers */ = {isa = PBXBuildFile; fileRef = 05BDE01518CDB2450028F339 /* CFPP-Type.h */; settings = {ATTRIBUTES = (Public, ); }; };
		05BDE06F18CDB2600028F339 /* CFPP-URL.h in Headers */ = {isa = PBXBuildFile; fileRef = 05BDE01618CDB2450028F339 /* CFPP-URL.h */; settings = {ATTRIBUTES = (Public, ); }; };
		05BDE07018CDB2600028F339 /* CF++.h in Headers */ = {isa = PBXBuildFile; fileRef = 05BDE01718CDB2450028F339 /* CF++.h */; settings = {ATTRIBUTES = (Public, ); }; };
/* End PBXBuildFile section */

/* Begin PBXContainerItemProxy section */
		056C883F18C8C22E006260B3 /* PBXContainerItemProxy */ = {
			isa = PBXContainerItemProxy;
			containerPortal = 056C87C618C8B0F8006260B3 /* Project object */;
			proxyType = 1;
			remoteGlobalIDString = 056C881118C8B85F006260B3;
			remoteInfo = "CF++";
		};
		056C884E18C8C577006260B3 /* PBXContainerItemProxy */ = {
			isa = PBXContainerItemProxy;
			containerPortal = 056C87C618C8B0F8006260B3 /* Project object */;
			proxyType = 1;
			remoteGlobalIDString = 056C884918C8C547006260B3;
			remoteInfo = "CF++ Mac Synamic Library";
		};
		056C888D18C8C7F0006260B3 /* PBXContainerItemProxy */ = {
			isa = PBXContainerItemProxy;
			containerPortal = 056C87C618C8B0F8006260B3 /* Project object */;
			proxyType = 1;
			remoteGlobalIDString = 056C885E18C8C76B006260B3;
			remoteInfo = "CF++";
		};
		056C88D118C8C93C006260B3 /* PBXContainerItemProxy */ = {
			isa = PBXContainerItemProxy;
			containerPortal = 056C87C618C8B0F8006260B3 /* Project object */;
			proxyType = 1;
			remoteGlobalIDString = 056C88A918C8C8AC006260B3;
			remoteInfo = "CF++ iOS Static Library";
		};
/* End PBXContainerItemProxy section */

/* Begin PBXCopyFilesBuildPhase section */
		056C87CC18C8B0F8006260B3 /* CopyFiles */ = {
			isa = PBXCopyFilesBuildPhase;
			buildActionMask = 2147483647;
			dstPath = /usr/share/man/man1/;
			dstSubfolderSpec = 0;
			files = (
			);
			runOnlyForDeploymentPostprocessing = 1;
		};
		056C88A818C8C8AC006260B3 /* CopyFiles */ = {
			isa = PBXCopyFilesBuildPhase;
			buildActionMask = 2147483647;
			dstPath = "include/$(PRODUCT_NAME)";
			dstSubfolderSpec = 16;
			files = (
			);
			runOnlyForDeploymentPostprocessing = 0;
		};
/* End PBXCopyFilesBuildPhase section */

/* Begin PBXFileReference section */
		05632F8B18ED5CA300EB76D2 /* CFPP-UUID.h */ = {isa = PBXFileReference; lastKnownFileType = sourcecode.c.h; path = "CFPP-UUID.h"; sourceTree = "<group>"; };
		05632F8F18ED5E4900EB76D2 /* CFPP-UUID.cpp */ = {isa = PBXFileReference; fileEncoding = 4; lastKnownFileType = sourcecode.cpp.cpp; path = "CFPP-UUID.cpp"; sourceTree = "<group>"; };
		056C87CE18C8B0F8006260B3 /* Testing */ = {isa = PBXFileReference; explicitFileType = "compiled.mach-o.executable"; includeInIndex = 0; path = Testing; sourceTree = BUILT_PRODUCTS_DIR; };
		056C87FD18C8B3B4006260B3 /* CoreFoundation.framework */ = {isa = PBXFileReference; lastKnownFileType = wrapper.framework; name = CoreFoundation.framework; path = System/Library/Frameworks/CoreFoundation.framework; sourceTree = SDKROOT; };
		056C881218C8B85F006260B3 /* libCF++.a */ = {isa = PBXFileReference; explicitFileType = archive.ar; includeInIndex = 0; path = "libCF++.a"; sourceTree = BUILT_PRODUCTS_DIR; };
		056C884A18C8C547006260B3 /* libCF++.dylib */ = {isa = PBXFileReference; explicitFileType = "compiled.mach-o.dylib"; includeInIndex = 0; path = "libCF++.dylib"; sourceTree = BUILT_PRODUCTS_DIR; };
		056C885F18C8C76B006260B3 /* CF++.framework */ = {isa = PBXFileReference; explicitFileType = wrapper.framework; includeInIndex = 0; path = "CF++.framework"; sourceTree = BUILT_PRODUCTS_DIR; };
		056C88AA18C8C8AC006260B3 /* libCF++.a */ = {isa = PBXFileReference; explicitFileType = archive.ar; includeInIndex = 0; path = "libCF++.a"; sourceTree = BUILT_PRODUCTS_DIR; };
		05A3A76C18CF00D200F7E0BC /* CFPP-Error.h */ = {isa = PBXFileReference; lastKnownFileType = sourcecode.c.h; path = "CFPP-Error.h"; sourceTree = "<group>"; };
		05A3A76D18CF00DF00F7E0BC /* CFPP-Error.cpp */ = {isa = PBXFileReference; fileEncoding = 4; lastKnownFileType = sourcecode.cpp.cpp; path = "CFPP-Error.cpp"; sourceTree = "<group>"; };
		05BDE00A18CDB2450028F339 /* Clang-Warnings.h */ = {isa = PBXFileReference; lastKnownFileType = sourcecode.c.h; path = "Clang-Warnings.h"; sourceTree = "<group>"; };
		05BDE00D18CDB2450028F339 /* CFPP-Array.h */ = {isa = PBXFileReference; lastKnownFileType = sourcecode.c.h; path = "CFPP-Array.h"; sourceTree = "<group>"; };
		05BDE00E18CDB2450028F339 /* CFPP-Boolean.h */ = {isa = PBXFileReference; lastKnownFileType = sourcecode.c.h; path = "CFPP-Boolean.h"; sourceTree = "<group>"; };
		05BDE00F18CDB2450028F339 /* CFPP-Data.h */ = {isa = PBXFileReference; lastKnownFileType = sourcecode.c.h; path = "CFPP-Data.h"; sourceTree = "<group>"; };
		05BDE01018CDB2450028F339 /* CFPP-Date.h */ = {isa = PBXFileReference; lastKnownFileType = sourcecode.c.h; path = "CFPP-Date.h"; sourceTree = "<group>"; };
		05BDE01118CDB2450028F339 /* CFPP-Dictionary.h */ = {isa = PBXFileReference; lastKnownFileType = sourcecode.c.h; path = "CFPP-Dictionary.h"; sourceTree = "<group>"; };
		05BDE01218CDB2450028F339 /* CFPP-Number.h */ = {isa = PBXFileReference; lastKnownFileType = sourcecode.c.h; path = "CFPP-Number.h"; sourceTree = "<group>"; };
		05BDE01318CDB2450028F339 /* CFPP-Pair.h */ = {isa = PBXFileReference; lastKnownFileType = sourcecode.c.h; path = "CFPP-Pair.h"; sourceTree = "<group>"; };
		05BDE01418CDB2450028F339 /* CFPP-String.h */ = {isa = PBXFileReference; lastKnownFileType = sourcecode.c.h; path = "CFPP-String.h"; sourceTree = "<group>"; };
		05BDE01518CDB2450028F339 /* CFPP-Type.h */ = {isa = PBXFileReference; lastKnownFileType = sourcecode.c.h; path = "CFPP-Type.h"; sourceTree = "<group>"; };
		05BDE01618CDB2450028F339 /* CFPP-URL.h */ = {isa = PBXFileReference; lastKnownFileType = sourcecode.c.h; path = "CFPP-URL.h"; sourceTree = "<group>"; };
		05BDE01718CDB2450028F339 /* CF++.h */ = {isa = PBXFileReference; lastKnownFileType = sourcecode.c.h; path = "CF++.h"; sourceTree = "<group>"; };
		05BDE01818CDB2450028F339 /* Info.plist */ = {isa = PBXFileReference; lastKnownFileType = text.plist.xml; path = Info.plist; sourceTree = "<group>"; };
		05BDE01918CDB2450028F339 /* PrefixHeader.pch */ = {isa = PBXFileReference; lastKnownFileType = sourcecode.c.h; path = PrefixHeader.pch; sourceTree = "<group>"; };
		05BDE01B18CDB2450028F339 /* CFPP-Array.cpp */ = {isa = PBXFileReference; lastKnownFileType = sourcecode.cpp.cpp; path = "CFPP-Array.cpp"; sourceTree = "<group>"; };
		05BDE01C18CDB2450028F339 /* CFPP-Boolean.cpp */ = {isa = PBXFileReference; lastKnownFileType = sourcecode.cpp.cpp; path = "CFPP-Boolean.cpp"; sourceTree = "<group>"; };
		05BDE01D18CDB2450028F339 /* CFPP-Data.cpp */ = {isa = PBXFileReference; lastKnownFileType = sourcecode.cpp.cpp; path = "CFPP-Data.cpp"; sourceTree = "<group>"; };
		05BDE01E18CDB2450028F339 /* CFPP-Date.cpp */ = {isa = PBXFileReference; lastKnownFileType = sourcecode.cpp.cpp; path = "CFPP-Date.cpp"; sourceTree = "<group>"; };
		05BDE01F18CDB2450028F339 /* CFPP-Dictionary.cpp */ = {isa = PBXFileReference; lastKnownFileType = sourcecode.cpp.cpp; path = "CFPP-Dictionary.cpp"; sourceTree = "<group>"; };
		05BDE02018CDB2450028F339 /* CFPP-Number.cpp */ = {isa = PBXFileReference; lastKnownFileType = sourcecode.cpp.cpp; path = "CFPP-Number.cpp"; sourceTree = "<group>"; };
		05BDE02118CDB2450028F339 /* CFPP-Pair.cpp */ = {isa = PBXFileReference; lastKnownFileType = sourcecode.cpp.cpp; path = "CFPP-Pair.cpp"; sourceTree = "<group>"; };
		05BDE02218CDB2450028F339 /* CFPP-String.cpp */ = {isa = PBXFileReference; lastKnownFileType = sourcecode.cpp.cpp; path = "CFPP-String.cpp"; sourceTree = "<group>"; };
		05BDE02318CDB2450028F339 /* CFPP-Type.cpp */ = {isa = PBXFileReference; lastKnownFileType = sourcecode.cpp.cpp; path = "CFPP-Type.cpp"; sourceTree = "<group>"; };
		05BDE02418CDB2450028F339 /* CFPP-URL.cpp */ = {isa = PBXFileReference; lastKnownFileType = sourcecode.cpp.cpp; path = "CFPP-URL.cpp"; sourceTree = "<group>"; };
		05BDE02618CDB2450028F339 /* main.cpp */ = {isa = PBXFileReference; lastKnownFileType = sourcecode.cpp.cpp; path = main.cpp; sourceTree = "<group>"; };
/* End PBXFileReference section */

/* Begin PBXFrameworksBuildPhase section */
		056C87CB18C8B0F8006260B3 /* Frameworks */ = {
			isa = PBXFrameworksBuildPhase;
			buildActionMask = 2147483647;
			files = (
				056C88E618C8D850006260B3 /* CoreFoundation.framework in Frameworks */,
				056C884118C8C232006260B3 /* libCF++.a in Frameworks */,
			);
			runOnlyForDeploymentPostprocessing = 0;
		};
		056C880F18C8B85F006260B3 /* Frameworks */ = {
			isa = PBXFrameworksBuildPhase;
			buildActionMask = 2147483647;
			files = (
			);
			runOnlyForDeploymentPostprocessing = 0;
		};
		056C884718C8C547006260B3 /* Frameworks */ = {
			isa = PBXFrameworksBuildPhase;
			buildActionMask = 2147483647;
			files = (
				056C885218C8C5F4006260B3 /* CoreFoundation.framework in Frameworks */,
			);
			runOnlyForDeploymentPostprocessing = 0;
		};
		056C885B18C8C76B006260B3 /* Frameworks */ = {
			isa = PBXFrameworksBuildPhase;
			buildActionMask = 2147483647;
			files = (
				056C88A518C8C890006260B3 /* CoreFoundation.framework in Frameworks */,
			);
			runOnlyForDeploymentPostprocessing = 0;
		};
		056C88A718C8C8AC006260B3 /* Frameworks */ = {
			isa = PBXFrameworksBuildPhase;
			buildActionMask = 2147483647;
			files = (
			);
			runOnlyForDeploymentPostprocessing = 0;
		};
/* End PBXFrameworksBuildPhase section */

/* Begin PBXGroup section */
		056C87C518C8B0F8006260B3 = {
			isa = PBXGroup;
			children = (
				05BDE00918CDB2450028F339 /* CF++ */,
				05BDE02518CDB2450028F339 /* CF++ Testing */,
				056C880D18C8B50E006260B3 /* Frameworks */,
				056C87CF18C8B0F8006260B3 /* Products */,
			);
			sourceTree = "<group>";
		};
		056C87CF18C8B0F8006260B3 /* Products */ = {
			isa = PBXGroup;
			children = (
				056C87CE18C8B0F8006260B3 /* Testing */,
				056C881218C8B85F006260B3 /* libCF++.a */,
				056C884A18C8C547006260B3 /* libCF++.dylib */,
				056C885F18C8C76B006260B3 /* CF++.framework */,
				056C88AA18C8C8AC006260B3 /* libCF++.a */,
			);
			name = Products;
			sourceTree = "<group>";
		};
		056C880D18C8B50E006260B3 /* Frameworks */ = {
			isa = PBXGroup;
			children = (
				056C87FD18C8B3B4006260B3 /* CoreFoundation.framework */,
			);
			name = Frameworks;
			sourceTree = "<group>";
		};
		05BDE00918CDB2450028F339 /* CF++ */ = {
			isa = PBXGroup;
			children = (
				05BDE00A18CDB2450028F339 /* Clang-Warnings.h */,
				05BDE00B18CDB2450028F339 /* include */,
				05BDE01818CDB2450028F339 /* Info.plist */,
				05BDE01918CDB2450028F339 /* PrefixHeader.pch */,
				05BDE01A18CDB2450028F339 /* source */,
			);
			name = "CF++";
			path = "../../CF++";
			sourceTree = "<group>";
		};
		05BDE00B18CDB2450028F339 /* include */ = {
			isa = PBXGroup;
			children = (
				05BDE00C18CDB2450028F339 /* CF++ */,
				05BDE01718CDB2450028F339 /* CF++.h */,
			);
			path = include;
			sourceTree = "<group>";
		};
		05BDE00C18CDB2450028F339 /* CF++ */ = {
			isa = PBXGroup;
			children = (
				05BDE00D18CDB2450028F339 /* CFPP-Array.h */,
				05BDE00E18CDB2450028F339 /* CFPP-Boolean.h */,
				05BDE00F18CDB2450028F339 /* CFPP-Data.h */,
				05BDE01018CDB2450028F339 /* CFPP-Date.h */,
				05BDE01118CDB2450028F339 /* CFPP-Dictionary.h */,
				05BDE01218CDB2450028F339 /* CFPP-Number.h */,
				05BDE01318CDB2450028F339 /* CFPP-Pair.h */,
				05BDE01418CDB2450028F339 /* CFPP-String.h */,
				05BDE01518CDB2450028F339 /* CFPP-Type.h */,
				05BDE01618CDB2450028F339 /* CFPP-URL.h */,
				05A3A76C18CF00D200F7E0BC /* CFPP-Error.h */,
				05632F8B18ED5CA300EB76D2 /* CFPP-UUID.h */,
			);
			path = "CF++";
			sourceTree = "<group>";
		};
		05BDE01A18CDB2450028F339 /* source */ = {
			isa = PBXGroup;
			children = (
				05BDE01B18CDB2450028F339 /* CFPP-Array.cpp */,
				05BDE01C18CDB2450028F339 /* CFPP-Boolean.cpp */,
				05BDE01D18CDB2450028F339 /* CFPP-Data.cpp */,
				05BDE01E18CDB2450028F339 /* CFPP-Date.cpp */,
				05BDE01F18CDB2450028F339 /* CFPP-Dictionary.cpp */,
				05BDE02018CDB2450028F339 /* CFPP-Number.cpp */,
				05BDE02118CDB2450028F339 /* CFPP-Pair.cpp */,
				05BDE02218CDB2450028F339 /* CFPP-String.cpp */,
				05BDE02318CDB2450028F339 /* CFPP-Type.cpp */,
				05BDE02418CDB2450028F339 /* CFPP-URL.cpp */,
				05A3A76D18CF00DF00F7E0BC /* CFPP-Error.cpp */,
				05632F8F18ED5E4900EB76D2 /* CFPP-UUID.cpp */,
			);
			path = source;
			sourceTree = "<group>";
		};
		05BDE02518CDB2450028F339 /* CF++ Testing */ = {
			isa = PBXGroup;
			children = (
				05BDE02618CDB2450028F339 /* main.cpp */,
			);
			name = "CF++ Testing";
			path = "../../CF++ Testing";
			sourceTree = "<group>";
		};
/* End PBXGroup section */

/* Begin PBXHeadersBuildPhase section */
		056C881018C8B85F006260B3 /* Headers */ = {
			isa = PBXHeadersBuildPhase;
			buildActionMask = 2147483647;
			files = (
				05BDE05818CDB25E0028F339 /* CFPP-Type.h in Headers */,
				05BDE05918CDB25E0028F339 /* CFPP-URL.h in Headers */,
				05BDE05718CDB25E0028F339 /* CFPP-String.h in Headers */,
				05A3A77718CF00EC00F7E0BC /* CFPP-Error.h in Headers */,
				05BDE05418CDB25E0028F339 /* CFPP-Dictionary.h in Headers */,
				05BDE05218CDB25E0028F339 /* CFPP-Data.h in Headers */,
				05BDE05318CDB25E0028F339 /* CFPP-Date.h in Headers */,
				05BDE05118CDB25E0028F339 /* CFPP-Boolean.h in Headers */,
				05BDE05A18CDB25E0028F339 /* CF++.h in Headers */,
				05632F8C18ED5CA900EB76D2 /* CFPP-UUID.h in Headers */,
				05BDE05618CDB25E0028F339 /* CFPP-Pair.h in Headers */,
				05BDE05518CDB25E0028F339 /* CFPP-Number.h in Headers */,
				05BDE05018CDB25E0028F339 /* CFPP-Array.h in Headers */,
			);
			runOnlyForDeploymentPostprocessing = 0;
		};
		056C884818C8C547006260B3 /* Headers */ = {
			isa = PBXHeadersBuildPhase;
			buildActionMask = 2147483647;
			files = (
				05BDE06E18CDB2600028F339 /* CFPP-Type.h in Headers */,
				05BDE06F18CDB2600028F339 /* CFPP-URL.h in Headers */,
				05BDE06D18CDB2600028F339 /* CFPP-String.h in Headers */,
				05A3A77618CF00EC00F7E0BC /* CFPP-Error.h in Headers */,
				05BDE06A18CDB2600028F339 /* CFPP-Dictionary.h in Headers */,
				05BDE06818CDB2600028F339 /* CFPP-Data.h in Headers */,
				05BDE06918CDB2600028F339 /* CFPP-Date.h in Headers */,
				05BDE06718CDB2600028F339 /* CFPP-Boolean.h in Headers */,
				05BDE07018CDB2600028F339 /* CF++.h in Headers */,
				05632F8D18ED5CAA00EB76D2 /* CFPP-UUID.h in Headers */,
				05BDE06C18CDB2600028F339 /* CFPP-Pair.h in Headers */,
				05BDE06B18CDB2600028F339 /* CFPP-Number.h in Headers */,
				05BDE06618CDB2600028F339 /* CFPP-Array.h in Headers */,
			);
			runOnlyForDeploymentPostprocessing = 0;
		};
		056C885C18C8C76B006260B3 /* Headers */ = {
			isa = PBXHeadersBuildPhase;
			buildActionMask = 2147483647;
			files = (
				05BDE06318CDB25F0028F339 /* CFPP-Type.h in Headers */,
				05BDE06418CDB25F0028F339 /* CFPP-URL.h in Headers */,
				05BDE06218CDB25F0028F339 /* CFPP-String.h in Headers */,
				05A3A77518CF00EB00F7E0BC /* CFPP-Error.h in Headers */,
				05BDE05F18CDB25F0028F339 /* CFPP-Dictionary.h in Headers */,
				05BDE05D18CDB25F0028F339 /* CFPP-Data.h in Headers */,
				05BDE05E18CDB25F0028F339 /* CFPP-Date.h in Headers */,
				05BDE05C18CDB25F0028F339 /* CFPP-Boolean.h in Headers */,
				05BDE06518CDB25F0028F339 /* CF++.h in Headers */,
				05632F8E18ED5CAA00EB76D2 /* CFPP-UUID.h in Headers */,
				05BDE06118CDB25F0028F339 /* CFPP-Pair.h in Headers */,
				05BDE06018CDB25F0028F339 /* CFPP-Number.h in Headers */,
				05BDE05B18CDB25F0028F339 /* CFPP-Array.h in Headers */,
			);
			runOnlyForDeploymentPostprocessing = 0;
		};
/* End PBXHeadersBuildPhase section */

/* Begin PBXNativeTarget section */
		056C87CD18C8B0F8006260B3 /* CF++ Testing */ = {
			isa = PBXNativeTarget;
			buildConfigurationList = 056C87D718C8B0F8006260B3 /* Build configuration list for PBXNativeTarget "CF++ Testing" */;
			buildPhases = (
				056C87CA18C8B0F8006260B3 /* Sources */,
				056C87CB18C8B0F8006260B3 /* Frameworks */,
				056C87CC18C8B0F8006260B3 /* CopyFiles */,
			);
			buildRules = (
			);
			dependencies = (
				056C884018C8C22E006260B3 /* PBXTargetDependency */,
				056C884F18C8C577006260B3 /* PBXTargetDependency */,
				056C888E18C8C7F0006260B3 /* PBXTargetDependency */,
				056C88D218C8C93C006260B3 /* PBXTargetDependency */,
			);
			name = "CF++ Testing";
			productName = Testing;
			productReference = 056C87CE18C8B0F8006260B3 /* Testing */;
			productType = "com.apple.product-type.tool";
		};
		056C881118C8B85F006260B3 /* CF++ Mac Static Library */ = {
			isa = PBXNativeTarget;
			buildConfigurationList = 056C881318C8B85F006260B3 /* Build configuration list for PBXNativeTarget "CF++ Mac Static Library" */;
			buildPhases = (
				056C880E18C8B85F006260B3 /* Sources */,
				056C880F18C8B85F006260B3 /* Frameworks */,
				056C881018C8B85F006260B3 /* Headers */,
			);
			buildRules = (
			);
			dependencies = (
			);
			name = "CF++ Mac Static Library";
			productName = "CF++";
			productReference = 056C881218C8B85F006260B3 /* libCF++.a */;
			productType = "com.apple.product-type.library.static";
		};
		056C884918C8C547006260B3 /* CF++ Mac Dynamic Library */ = {
			isa = PBXNativeTarget;
			buildConfigurationList = 056C884B18C8C547006260B3 /* Build configuration list for PBXNativeTarget "CF++ Mac Dynamic Library" */;
			buildPhases = (
				056C884618C8C547006260B3 /* Sources */,
				056C884718C8C547006260B3 /* Frameworks */,
				056C884818C8C547006260B3 /* Headers */,
			);
			buildRules = (
			);
			dependencies = (
			);
			name = "CF++ Mac Dynamic Library";
			productName = "CF++";
			productReference = 056C884A18C8C547006260B3 /* libCF++.dylib */;
			productType = "com.apple.product-type.library.dynamic";
		};
		056C885E18C8C76B006260B3 /* CF++ Mac Framework */ = {
			isa = PBXNativeTarget;
			buildConfigurationList = 056C888318C8C76C006260B3 /* Build configuration list for PBXNativeTarget "CF++ Mac Framework" */;
			buildPhases = (
				056C885A18C8C76B006260B3 /* Sources */,
				056C885B18C8C76B006260B3 /* Frameworks */,
				056C885C18C8C76B006260B3 /* Headers */,
				056C885D18C8C76B006260B3 /* Resources */,
			);
			buildRules = (
			);
			dependencies = (
			);
			name = "CF++ Mac Framework";
			productName = "CF++";
			productReference = 056C885F18C8C76B006260B3 /* CF++.framework */;
			productType = "com.apple.product-type.framework";
		};
		056C88A918C8C8AC006260B3 /* CF++ iOS Static Library */ = {
			isa = PBXNativeTarget;
			buildConfigurationList = 056C88C918C8C8AD006260B3 /* Build configuration list for PBXNativeTarget "CF++ iOS Static Library" */;
			buildPhases = (
				056C88A618C8C8AC006260B3 /* Sources */,
				056C88A718C8C8AC006260B3 /* Frameworks */,
				056C88A818C8C8AC006260B3 /* CopyFiles */,
			);
			buildRules = (
			);
			dependencies = (
			);
			name = "CF++ iOS Static Library";
			productName = "CF++";
			productReference = 056C88AA18C8C8AC006260B3 /* libCF++.a */;
			productType = "com.apple.product-type.library.static";
		};
/* End PBXNativeTarget section */

/* Begin PBXProject section */
		056C87C618C8B0F8006260B3 /* Project object */ = {
			isa = PBXProject;
			attributes = {
				LastUpgradeCheck = 0510;
				ORGANIZATIONNAME = "XS-Labs";
			};
			buildConfigurationList = 056C87C918C8B0F8006260B3 /* Build configuration list for PBXProject "CoreFoundation++" */;
			compatibilityVersion = "Xcode 3.2";
			developmentRegion = English;
			hasScannedForEncodings = 0;
			knownRegions = (
				en,
			);
			mainGroup = 056C87C518C8B0F8006260B3;
			productRefGroup = 056C87CF18C8B0F8006260B3 /* Products */;
			projectDirPath = "";
			projectRoot = "";
			targets = (
				056C87CD18C8B0F8006260B3 /* CF++ Testing */,
				056C881118C8B85F006260B3 /* CF++ Mac Static Library */,
				056C884918C8C547006260B3 /* CF++ Mac Dynamic Library */,
				056C885E18C8C76B006260B3 /* CF++ Mac Framework */,
				056C88A918C8C8AC006260B3 /* CF++ iOS Static Library */,
			);
		};
/* End PBXProject section */

/* Begin PBXResourcesBuildPhase section */
		056C885D18C8C76B006260B3 /* Resources */ = {
			isa = PBXResourcesBuildPhase;
			buildActionMask = 2147483647;
			files = (
			);
			runOnlyForDeploymentPostprocessing = 0;
		};
/* End PBXResourcesBuildPhase section */

/* Begin PBXSourcesBuildPhase section */
		056C87CA18C8B0F8006260B3 /* Sources */ = {
			isa = PBXSourcesBuildPhase;
			buildActionMask = 2147483647;
			files = (
				05BDE02718CDB2480028F339 /* main.cpp in Sources */,
			);
			runOnlyForDeploymentPostprocessing = 0;
		};
		056C880E18C8B85F006260B3 /* Sources */ = {
			isa = PBXSourcesBuildPhase;
			buildActionMask = 2147483647;
			files = (
				05BDE02A18CDB2540028F339 /* CFPP-Data.cpp in Sources */,
				05BDE03018CDB2540028F339 /* CFPP-Type.cpp in Sources */,
				05BDE03118CDB2540028F339 /* CFPP-URL.cpp in Sources */,
				05BDE02818CDB2540028F339 /* CFPP-Array.cpp in Sources */,
				05BDE02C18CDB2540028F339 /* CFPP-Dictionary.cpp in Sources */,
				05BDE02B18CDB2540028F339 /* CFPP-Date.cpp in Sources */,
				05BDE02E18CDB2540028F339 /* CFPP-Pair.cpp in Sources */,
				05632F9018ED5E4900EB76D2 /* CFPP-UUID.cpp in Sources */,
				05BDE02F18CDB2540028F339 /* CFPP-String.cpp in Sources */,
				05BDE02918CDB2540028F339 /* CFPP-Boolean.cpp in Sources */,
				05BDE02D18CDB2540028F339 /* CFPP-Number.cpp in Sources */,
				05A3A76E18CF00DF00F7E0BC /* CFPP-Error.cpp in Sources */,
			);
			runOnlyForDeploymentPostprocessing = 0;
		};
		056C884618C8C547006260B3 /* Sources */ = {
			isa = PBXSourcesBuildPhase;
			buildActionMask = 2147483647;
			files = (
				05BDE03418CDB2540028F339 /* CFPP-Data.cpp in Sources */,
				05BDE03A18CDB2540028F339 /* CFPP-Type.cpp in Sources */,
				05BDE03B18CDB2540028F339 /* CFPP-URL.cpp in Sources */,
				05BDE03218CDB2540028F339 /* CFPP-Array.cpp in Sources */,
				05BDE03618CDB2540028F339 /* CFPP-Dictionary.cpp in Sources */,
				05BDE03518CDB2540028F339 /* CFPP-Date.cpp in Sources */,
				05BDE03818CDB2540028F339 /* CFPP-Pair.cpp in Sources */,
				05632F9118ED5E4900EB76D2 /* CFPP-UUID.cpp in Sources */,
				05BDE03918CDB2540028F339 /* CFPP-String.cpp in Sources */,
				05BDE03318CDB2540028F339 /* CFPP-Boolean.cpp in Sources */,
				05BDE03718CDB2540028F339 /* CFPP-Number.cpp in Sources */,
				05A3A76F18CF00DF00F7E0BC /* CFPP-Error.cpp in Sources */,
			);
			runOnlyForDeploymentPostprocessing = 0;
		};
		056C885A18C8C76B006260B3 /* Sources */ = {
			isa = PBXSourcesBuildPhase;
			buildActionMask = 2147483647;
			files = (
				05BDE03E18CDB2540028F339 /* CFPP-Data.cpp in Sources */,
				05BDE04418CDB2540028F339 /* CFPP-Type.cpp in Sources */,
				05BDE04518CDB2540028F339 /* CFPP-URL.cpp in Sources */,
				05BDE03C18CDB2540028F339 /* CFPP-Array.cpp in Sources */,
				05BDE04018CDB2540028F339 /* CFPP-Dictionary.cpp in Sources */,
				05BDE03F18CDB2540028F339 /* CFPP-Date.cpp in Sources */,
				05BDE04218CDB2540028F339 /* CFPP-Pair.cpp in Sources */,
				05632F9218ED5E4900EB76D2 /* CFPP-UUID.cpp in Sources */,
				05BDE04318CDB2540028F339 /* CFPP-String.cpp in Sources */,
				05BDE03D18CDB2540028F339 /* CFPP-Boolean.cpp in Sources */,
				05BDE04118CDB2540028F339 /* CFPP-Number.cpp in Sources */,
				05A3A77018CF00DF00F7E0BC /* CFPP-Error.cpp in Sources */,
			);
			runOnlyForDeploymentPostprocessing = 0;
		};
		056C88A618C8C8AC006260B3 /* Sources */ = {
			isa = PBXSourcesBuildPhase;
			buildActionMask = 2147483647;
			files = (
				05BDE04818CDB2550028F339 /* CFPP-Data.cpp in Sources */,
				05BDE04E18CDB2550028F339 /* CFPP-Type.cpp in Sources */,
				05BDE04F18CDB2550028F339 /* CFPP-URL.cpp in Sources */,
				05BDE04618CDB2550028F339 /* CFPP-Array.cpp in Sources */,
				05BDE04A18CDB2550028F339 /* CFPP-Dictionary.cpp in Sources */,
				05BDE04918CDB2550028F339 /* CFPP-Date.cpp in Sources */,
				05BDE04C18CDB2550028F339 /* CFPP-Pair.cpp in Sources */,
				05632F9318ED5E4900EB76D2 /* CFPP-UUID.cpp in Sources */,
				05BDE04D18CDB2550028F339 /* CFPP-String.cpp in Sources */,
				05BDE04718CDB2550028F339 /* CFPP-Boolean.cpp in Sources */,
				05BDE04B18CDB2550028F339 /* CFPP-Number.cpp in Sources */,
				05A3A77118CF00DF00F7E0BC /* CFPP-Error.cpp in Sources */,
			);
			runOnlyForDeploymentPostprocessing = 0;
		};
/* End PBXSourcesBuildPhase section */

/* Begin PBXTargetDependency section */
		056C884018C8C22E006260B3 /* PBXTargetDependency */ = {
			isa = PBXTargetDependency;
			target = 056C881118C8B85F006260B3 /* CF++ Mac Static Library */;
			targetProxy = 056C883F18C8C22E006260B3 /* PBXContainerItemProxy */;
		};
		056C884F18C8C577006260B3 /* PBXTargetDependency */ = {
			isa = PBXTargetDependency;
			target = 056C884918C8C547006260B3 /* CF++ Mac Dynamic Library */;
			targetProxy = 056C884E18C8C577006260B3 /* PBXContainerItemProxy */;
		};
		056C888E18C8C7F0006260B3 /* PBXTargetDependency */ = {
			isa = PBXTargetDependency;
			target = 056C885E18C8C76B006260B3 /* CF++ Mac Framework */;
			targetProxy = 056C888D18C8C7F0006260B3 /* PBXContainerItemProxy */;
		};
		056C88D218C8C93C006260B3 /* PBXTargetDependency */ = {
			isa = PBXTargetDependency;
			target = 056C88A918C8C8AC006260B3 /* CF++ iOS Static Library */;
			targetProxy = 056C88D118C8C93C006260B3 /* PBXContainerItemProxy */;
		};
/* End PBXTargetDependency section */

/* Begin XCBuildConfiguration section */
		056C87D518C8B0F8006260B3 /* Debug */ = {
			isa = XCBuildConfiguration;
			buildSettings = {
				ALWAYS_SEARCH_USER_PATHS = NO;
				ARCHS = "$(ARCHS_STANDARD_32_64_BIT)";
				CLANG_ANALYZER_DEADCODE_DEADSTORES = YES;
				CLANG_ANALYZER_GCD = YES;
				CLANG_ANALYZER_MEMORY_MANAGEMENT = YES;
				CLANG_ANALYZER_OBJC_ATSYNC = YES;
				CLANG_ANALYZER_OBJC_COLLECTIONS = YES;
				CLANG_ANALYZER_OBJC_INCOMP_METHOD_TYPES = YES;
				CLANG_ANALYZER_OBJC_NSCFERROR = YES;
				CLANG_ANALYZER_OBJC_RETAIN_COUNT = YES;
				CLANG_ANALYZER_OBJC_SELF_INIT = YES;
				CLANG_ANALYZER_OBJC_UNUSED_IVARS = YES;
				CLANG_ANALYZER_SECURITY_FLOATLOOPCOUNTER = YES;
				CLANG_ANALYZER_SECURITY_INSECUREAPI_GETPW_GETS = YES;
				CLANG_ANALYZER_SECURITY_INSECUREAPI_MKSTEMP = YES;
				CLANG_ANALYZER_SECURITY_INSECUREAPI_RAND = YES;
				CLANG_ANALYZER_SECURITY_INSECUREAPI_STRCPY = YES;
				CLANG_ANALYZER_SECURITY_INSECUREAPI_UNCHECKEDRETURN = YES;
				CLANG_ANALYZER_SECURITY_INSECUREAPI_VFORK = YES;
				CLANG_ANALYZER_SECURITY_KEYCHAIN_API = YES;
				CLANG_CXX_LANGUAGE_STANDARD = "c++98";
				CLANG_CXX_LIBRARY = "libc++";
				CLANG_ENABLE_MODULES = YES;
				CLANG_ENABLE_OBJC_ARC = YES;
				CLANG_STATIC_ANALYZER_MODE = deep;
				CLANG_STATIC_ANALYZER_MODE_ON_ANALYZE_ACTION = deep;
				CLANG_WARN_BOOL_CONVERSION = YES;
				CLANG_WARN_CONSTANT_CONVERSION = YES;
				CLANG_WARN_CXX0X_EXTENSIONS = YES;
				CLANG_WARN_DEPRECATED_OBJC_IMPLEMENTATIONS = YES;
				CLANG_WARN_DIRECT_OBJC_ISA_USAGE = YES_ERROR;
				CLANG_WARN_DOCUMENTATION_COMMENTS = YES;
				CLANG_WARN_EMPTY_BODY = YES;
				CLANG_WARN_ENUM_CONVERSION = YES;
				CLANG_WARN_IMPLICIT_SIGN_CONVERSION = YES;
				CLANG_WARN_INT_CONVERSION = YES;
				CLANG_WARN_OBJC_EXPLICIT_OWNERSHIP_TYPE = YES;
				CLANG_WARN_OBJC_IMPLICIT_ATOMIC_PROPERTIES = YES;
				CLANG_WARN_OBJC_IMPLICIT_RETAIN_SELF = YES;
				CLANG_WARN_OBJC_MISSING_PROPERTY_SYNTHESIS = YES;
				CLANG_WARN_OBJC_RECEIVER_WEAK = YES;
				CLANG_WARN_OBJC_REPEATED_USE_OF_WEAK = YES;
				CLANG_WARN_OBJC_ROOT_CLASS = YES_ERROR;
				CLANG_WARN_SUSPICIOUS_IMPLICIT_CONVERSION = YES;
				CLANG_WARN__ARC_BRIDGE_CAST_NONARC = YES;
				CLANG_WARN__DUPLICATE_METHOD_MATCH = YES;
				CLANG_WARN__EXIT_TIME_DESTRUCTORS = YES;
				COPY_PHASE_STRIP = NO;
				GCC_C_LANGUAGE_STANDARD = c99;
				GCC_DYNAMIC_NO_PIC = NO;
				GCC_ENABLE_OBJC_EXCEPTIONS = YES;
				GCC_OPTIMIZATION_LEVEL = s;
				GCC_PREPROCESSOR_DEFINITIONS = (
					"DEBUG=1",
					"$(inherited)",
				);
				GCC_SYMBOLS_PRIVATE_EXTERN = NO;
				GCC_TREAT_IMPLICIT_FUNCTION_DECLARATIONS_AS_ERRORS = YES;
				GCC_TREAT_INCOMPATIBLE_POINTER_TYPE_WARNINGS_AS_ERRORS = YES;
				GCC_TREAT_WARNINGS_AS_ERRORS = YES;
				GCC_WARN_64_TO_32_BIT_CONVERSION = YES;
				"GCC_WARN_64_TO_32_BIT_CONVERSION[arch=*64]" = YES;
				GCC_WARN_ABOUT_DEPRECATED_FUNCTIONS = YES;
				GCC_WARN_ABOUT_INVALID_OFFSETOF_MACRO = YES;
				GCC_WARN_ABOUT_MISSING_FIELD_INITIALIZERS = YES;
				GCC_WARN_ABOUT_MISSING_NEWLINE = YES;
				GCC_WARN_ABOUT_MISSING_PROTOTYPES = YES;
				GCC_WARN_ABOUT_POINTER_SIGNEDNESS = YES;
				GCC_WARN_ABOUT_RETURN_TYPE = YES_ERROR;
				GCC_WARN_ALLOW_INCOMPLETE_PROTOCOL = YES;
				GCC_WARN_CHECK_SWITCH_STATEMENTS = YES;
				GCC_WARN_FOUR_CHARACTER_CONSTANTS = YES;
				GCC_WARN_HIDDEN_VIRTUAL_FUNCTIONS = YES;
				GCC_WARN_INHIBIT_ALL_WARNINGS = NO;
				GCC_WARN_INITIALIZER_NOT_FULLY_BRACKETED = YES;
				GCC_WARN_MISSING_PARENTHESES = YES;
				GCC_WARN_MULTIPLE_DEFINITION_TYPES_FOR_SELECTOR = YES;
				GCC_WARN_NON_VIRTUAL_DESTRUCTOR = YES;
				GCC_WARN_PEDANTIC = YES;
				GCC_WARN_SHADOW = YES;
				GCC_WARN_SIGN_COMPARE = YES;
				GCC_WARN_STRICT_SELECTOR_MATCH = YES;
				GCC_WARN_TYPECHECK_CALLS_TO_PRINTF = YES;
				GCC_WARN_UNDECLARED_SELECTOR = YES;
				GCC_WARN_UNINITIALIZED_AUTOS = YES_AGGRESSIVE;
				GCC_WARN_UNKNOWN_PRAGMAS = YES;
				GCC_WARN_UNUSED_FUNCTION = YES;
				GCC_WARN_UNUSED_LABEL = YES;
				GCC_WARN_UNUSED_PARAMETER = YES;
				GCC_WARN_UNUSED_VALUE = YES;
				GCC_WARN_UNUSED_VARIABLE = YES;
				MACOSX_DEPLOYMENT_TARGET = 10.9;
				ONLY_ACTIVE_ARCH = NO;
				RUN_CLANG_STATIC_ANALYZER = YES;
				SDKROOT = macosx;
			};
			name = Debug;
		};
		056C87D618C8B0F8006260B3 /* Release */ = {
			isa = XCBuildConfiguration;
			buildSettings = {
				ALWAYS_SEARCH_USER_PATHS = NO;
				ARCHS = "$(ARCHS_STANDARD_32_64_BIT)";
				CLANG_ANALYZER_DEADCODE_DEADSTORES = YES;
				CLANG_ANALYZER_GCD = YES;
				CLANG_ANALYZER_MEMORY_MANAGEMENT = YES;
				CLANG_ANALYZER_OBJC_ATSYNC = YES;
				CLANG_ANALYZER_OBJC_COLLECTIONS = YES;
				CLANG_ANALYZER_OBJC_INCOMP_METHOD_TYPES = YES;
				CLANG_ANALYZER_OBJC_NSCFERROR = YES;
				CLANG_ANALYZER_OBJC_RETAIN_COUNT = YES;
				CLANG_ANALYZER_OBJC_SELF_INIT = YES;
				CLANG_ANALYZER_OBJC_UNUSED_IVARS = YES;
				CLANG_ANALYZER_SECURITY_FLOATLOOPCOUNTER = YES;
				CLANG_ANALYZER_SECURITY_INSECUREAPI_GETPW_GETS = YES;
				CLANG_ANALYZER_SECURITY_INSECUREAPI_MKSTEMP = YES;
				CLANG_ANALYZER_SECURITY_INSECUREAPI_RAND = YES;
				CLANG_ANALYZER_SECURITY_INSECUREAPI_STRCPY = YES;
				CLANG_ANALYZER_SECURITY_INSECUREAPI_UNCHECKEDRETURN = YES;
				CLANG_ANALYZER_SECURITY_INSECUREAPI_VFORK = YES;
				CLANG_ANALYZER_SECURITY_KEYCHAIN_API = YES;
				CLANG_CXX_LANGUAGE_STANDARD = "c++98";
				CLANG_CXX_LIBRARY = "libc++";
				CLANG_ENABLE_MODULES = YES;
				CLANG_ENABLE_OBJC_ARC = YES;
				CLANG_STATIC_ANALYZER_MODE = deep;
				CLANG_STATIC_ANALYZER_MODE_ON_ANALYZE_ACTION = deep;
				CLANG_WARN_BOOL_CONVERSION = YES;
				CLANG_WARN_CONSTANT_CONVERSION = YES;
				CLANG_WARN_CXX0X_EXTENSIONS = YES;
				CLANG_WARN_DEPRECATED_OBJC_IMPLEMENTATIONS = YES;
				CLANG_WARN_DIRECT_OBJC_ISA_USAGE = YES_ERROR;
				CLANG_WARN_DOCUMENTATION_COMMENTS = YES;
				CLANG_WARN_EMPTY_BODY = YES;
				CLANG_WARN_ENUM_CONVERSION = YES;
				CLANG_WARN_IMPLICIT_SIGN_CONVERSION = YES;
				CLANG_WARN_INT_CONVERSION = YES;
				CLANG_WARN_OBJC_EXPLICIT_OWNERSHIP_TYPE = YES;
				CLANG_WARN_OBJC_IMPLICIT_ATOMIC_PROPERTIES = YES;
				CLANG_WARN_OBJC_IMPLICIT_RETAIN_SELF = YES;
				CLANG_WARN_OBJC_MISSING_PROPERTY_SYNTHESIS = YES;
				CLANG_WARN_OBJC_RECEIVER_WEAK = YES;
				CLANG_WARN_OBJC_REPEATED_USE_OF_WEAK = YES;
				CLANG_WARN_OBJC_ROOT_CLASS = YES_ERROR;
				CLANG_WARN_SUSPICIOUS_IMPLICIT_CONVERSION = YES;
				CLANG_WARN__ARC_BRIDGE_CAST_NONARC = YES;
				CLANG_WARN__DUPLICATE_METHOD_MATCH = YES;
				CLANG_WARN__EXIT_TIME_DESTRUCTORS = YES;
				COPY_PHASE_STRIP = YES;
				DEBUG_INFORMATION_FORMAT = "dwarf-with-dsym";
				ENABLE_NS_ASSERTIONS = NO;
				GCC_C_LANGUAGE_STANDARD = c99;
				GCC_ENABLE_OBJC_EXCEPTIONS = YES;
				GCC_OPTIMIZATION_LEVEL = s;
				GCC_TREAT_IMPLICIT_FUNCTION_DECLARATIONS_AS_ERRORS = YES;
				GCC_TREAT_INCOMPATIBLE_POINTER_TYPE_WARNINGS_AS_ERRORS = YES;
				GCC_TREAT_WARNINGS_AS_ERRORS = YES;
				GCC_WARN_64_TO_32_BIT_CONVERSION = YES;
				"GCC_WARN_64_TO_32_BIT_CONVERSION[arch=*64]" = YES;
				GCC_WARN_ABOUT_DEPRECATED_FUNCTIONS = YES;
				GCC_WARN_ABOUT_INVALID_OFFSETOF_MACRO = YES;
				GCC_WARN_ABOUT_MISSING_FIELD_INITIALIZERS = YES;
				GCC_WARN_ABOUT_MISSING_NEWLINE = YES;
				GCC_WARN_ABOUT_MISSING_PROTOTYPES = YES;
				GCC_WARN_ABOUT_POINTER_SIGNEDNESS = YES;
				GCC_WARN_ABOUT_RETURN_TYPE = YES_ERROR;
				GCC_WARN_ALLOW_INCOMPLETE_PROTOCOL = YES;
				GCC_WARN_CHECK_SWITCH_STATEMENTS = YES;
				GCC_WARN_FOUR_CHARACTER_CONSTANTS = YES;
				GCC_WARN_HIDDEN_VIRTUAL_FUNCTIONS = YES;
				GCC_WARN_INHIBIT_ALL_WARNINGS = NO;
				GCC_WARN_INITIALIZER_NOT_FULLY_BRACKETED = YES;
				GCC_WARN_MISSING_PARENTHESES = YES;
				GCC_WARN_MULTIPLE_DEFINITION_TYPES_FOR_SELECTOR = YES;
				GCC_WARN_NON_VIRTUAL_DESTRUCTOR = YES;
				GCC_WARN_PEDANTIC = YES;
				GCC_WARN_SHADOW = YES;
				GCC_WARN_SIGN_COMPARE = YES;
				GCC_WARN_STRICT_SELECTOR_MATCH = YES;
				GCC_WARN_TYPECHECK_CALLS_TO_PRINTF = YES;
				GCC_WARN_UNDECLARED_SELECTOR = YES;
				GCC_WARN_UNINITIALIZED_AUTOS = YES_AGGRESSIVE;
				GCC_WARN_UNKNOWN_PRAGMAS = YES;
				GCC_WARN_UNUSED_FUNCTION = YES;
				GCC_WARN_UNUSED_LABEL = YES;
				GCC_WARN_UNUSED_PARAMETER = YES;
				GCC_WARN_UNUSED_VALUE = YES;
				GCC_WARN_UNUSED_VARIABLE = YES;
				MACOSX_DEPLOYMENT_TARGET = 10.9;
				ONLY_ACTIVE_ARCH = NO;
				RUN_CLANG_STATIC_ANALYZER = YES;
				SDKROOT = macosx;
			};
			name = Release;
		};
		056C87D818C8B0F8006260B3 /* Debug */ = {
			isa = XCBuildConfiguration;
			buildSettings = {
				HEADER_SEARCH_PATHS = (
					"$(inherited)",
					"../../CF++/include",
				);
				PRODUCT_NAME = Testing;
			};
			name = Debug;
		};
		056C87D918C8B0F8006260B3 /* Release */ = {
			isa = XCBuildConfiguration;
			buildSettings = {
				HEADER_SEARCH_PATHS = (
					"$(inherited)",
					"../../CF++/include",
				);
				PRODUCT_NAME = Testing;
			};
			name = Release;
		};
		056C881418C8B85F006260B3 /* Debug */ = {
			isa = XCBuildConfiguration;
			buildSettings = {
				EXECUTABLE_PREFIX = lib;
				GCC_PRECOMPILE_PREFIX_HEADER = YES;
				GCC_PREFIX_HEADER = "../../CF++/PrefixHeader.pch";
				HEADER_SEARCH_PATHS = (
					"$(inherited)",
					"../../CF++/include",
				);
				PRODUCT_NAME = "CF++";
			};
			name = Debug;
		};
		056C881518C8B85F006260B3 /* Release */ = {
			isa = XCBuildConfiguration;
			buildSettings = {
				EXECUTABLE_PREFIX = lib;
				GCC_PRECOMPILE_PREFIX_HEADER = YES;
				GCC_PREFIX_HEADER = "../../CF++/PrefixHeader.pch";
				HEADER_SEARCH_PATHS = (
					"$(inherited)",
					"../../CF++/include",
				);
				PRODUCT_NAME = "CF++";
			};
			name = Release;
		};
		056C884C18C8C547006260B3 /* Debug */ = {
			isa = XCBuildConfiguration;
			buildSettings = {
				EXECUTABLE_PREFIX = lib;
				GCC_PRECOMPILE_PREFIX_HEADER = YES;
				GCC_PREFIX_HEADER = "../../CF++/PrefixHeader.pch";
				HEADER_SEARCH_PATHS = (
					"$(inherited)",
					"../../CF++/include",
				);
				PRODUCT_NAME = "CF++";
			};
			name = Debug;
		};
		056C884D18C8C547006260B3 /* Release */ = {
			isa = XCBuildConfiguration;
			buildSettings = {
				EXECUTABLE_PREFIX = lib;
				GCC_PRECOMPILE_PREFIX_HEADER = YES;
				GCC_PREFIX_HEADER = "../../CF++/PrefixHeader.pch";
				HEADER_SEARCH_PATHS = (
					"$(inherited)",
					"../../CF++/include",
				);
				PRODUCT_NAME = "CF++";
			};
			name = Release;
		};
		056C888418C8C76C006260B3 /* Debug */ = {
			isa = XCBuildConfiguration;
			buildSettings = {
				COMBINE_HIDPI_IMAGES = YES;
				DYLIB_COMPATIBILITY_VERSION = 1;
				DYLIB_CURRENT_VERSION = 1;
				FRAMEWORK_VERSION = A;
				GCC_PRECOMPILE_PREFIX_HEADER = YES;
				GCC_PREFIX_HEADER = "../../CF++/PrefixHeader.pch";
				HEADER_SEARCH_PATHS = (
					"$(inherited)",
					"../../CF++/include",
				);
				INFOPLIST_FILE = "../../CF++/Info.plist";
				PRODUCT_NAME = "CF++";
				WRAPPER_EXTENSION = framework;
			};
			name = Debug;
		};
		056C888518C8C76C006260B3 /* Release */ = {
			isa = XCBuildConfiguration;
			buildSettings = {
				COMBINE_HIDPI_IMAGES = YES;
				DYLIB_COMPATIBILITY_VERSION = 1;
				DYLIB_CURRENT_VERSION = 1;
				FRAMEWORK_VERSION = A;
				GCC_PRECOMPILE_PREFIX_HEADER = YES;
				GCC_PREFIX_HEADER = "../../CF++/PrefixHeader.pch";
				HEADER_SEARCH_PATHS = (
					"$(inherited)",
					"../../CF++/include",
				);
				INFOPLIST_FILE = "../../CF++/Info.plist";
				PRODUCT_NAME = "CF++";
				WRAPPER_EXTENSION = framework;
			};
			name = Release;
		};
		056C88CA18C8C8AD006260B3 /* Debug */ = {
			isa = XCBuildConfiguration;
			buildSettings = {
				ARCHS = "$(ARCHS_STANDARD)";
				DSTROOT = /tmp/CF__.dst;
				GCC_PRECOMPILE_PREFIX_HEADER = YES;
				GCC_PREFIX_HEADER = "../../CF++/PrefixHeader.pch";
				HEADER_SEARCH_PATHS = (
					"$(inherited)",
					"../../CF++/include",
				);
				IPHONEOS_DEPLOYMENT_TARGET = 5.0;
				OTHER_LDFLAGS = "-ObjC";
				PRODUCT_NAME = "CF++";
				SDKROOT = iphoneos;
				SKIP_INSTALL = YES;
			};
			name = Debug;
		};
		056C88CB18C8C8AD006260B3 /* Release */ = {
			isa = XCBuildConfiguration;
			buildSettings = {
				ARCHS = "$(ARCHS_STANDARD)";
				DSTROOT = /tmp/CF__.dst;
				GCC_PRECOMPILE_PREFIX_HEADER = YES;
				GCC_PREFIX_HEADER = "../../CF++/PrefixHeader.pch";
				HEADER_SEARCH_PATHS = (
					"$(inherited)",
					"../../CF++/include",
				);
				IPHONEOS_DEPLOYMENT_TARGET = 5.0;
				OTHER_LDFLAGS = "-ObjC";
				PRODUCT_NAME = "CF++";
				SDKROOT = iphoneos;
				SKIP_INSTALL = YES;
				VALIDATE_PRODUCT = YES;
			};
			name = Release;
		};
/* End XCBuildConfiguration section */

/* Begin XCConfigurationList section */
		056C87C918C8B0F8006260B3 /* Build configuration list for PBXProject "CoreFoundation++" */ = {
			isa = XCConfigurationList;
			buildConfigurations = (
				056C87D518C8B0F8006260B3 /* Debug */,
				056C87D618C8B0F8006260B3 /* Release */,
			);
			defaultConfigurationIsVisible = 0;
			defaultConfigurationName = Release;
		};
		056C87D718C8B0F8006260B3 /* Build configuration list for PBXNativeTarget "CF++ Testing" */ = {
			isa = XCConfigurationList;
			buildConfigurations = (
				056C87D818C8B0F8006260B3 /* Debug */,
				056C87D918C8B0F8006260B3 /* Release */,
			);
			defaultConfigurationIsVisible = 0;
			defaultConfigurationName = Release;
		};
		056C881318C8B85F006260B3 /* Build configuration list for PBXNativeTarget "CF++ Mac Static Library" */ = {
			isa = XCConfigurationList;
			buildConfigurations = (
				056C881418C8B85F006260B3 /* Debug */,
				056C881518C8B85F006260B3 /* Release */,
			);
			defaultConfigurationIsVisible = 0;
			defaultConfigurationName = Release;
		};
		056C884B18C8C547006260B3 /* Build configuration list for PBXNativeTarget "CF++ Mac Dynamic Library" */ = {
			isa = XCConfigurationList;
			buildConfigurations = (
				056C884C18C8C547006260B3 /* Debug */,
				056C884D18C8C547006260B3 /* Release */,
			);
			defaultConfigurationIsVisible = 0;
			defaultConfigurationName = Release;
		};
		056C888318C8C76C006260B3 /* Build configuration list for PBXNativeTarget "CF++ Mac Framework" */ = {
			isa = XCConfigurationList;
			buildConfigurations = (
				056C888418C8C76C006260B3 /* Debug */,
				056C888518C8C76C006260B3 /* Release */,
			);
			defaultConfigurationIsVisible = 0;
			defaultConfigurationName = Release;
		};
		056C88C918C8C8AD006260B3 /* Build configuration list for PBXNativeTarget "CF++ iOS Static Library" */ = {
			isa = XCConfigurationList;
			buildConfigurations = (
				056C88CA18C8C8AD006260B3 /* Debug */,
				056C88CB18C8C8AD006260B3 /* Release */,
			);
			defaultConfigurationIsVisible = 0;
			defaultConfigurationName = Release;
		};
/* End XCConfigurationList section */
	};
	rootObject = 056C87C618C8B0F8006260B3 /* Project object */;
}
