<?xml version="1.0" encoding="utf-8"?>
<Project ToolsVersion="4.0" xmlns="http://schemas.microsoft.com/developer/msbuild/2003">
  <ItemGroup>
    <Filter Include="Header Files">
      <UniqueIdentifier>{117f41f6-8cd6-4d85-8166-5cec1e6e21c7}</UniqueIdentifier>
      <Extensions>h;hpp;hxx;hm;inl;inc;xsd</Extensions>
    </Filter>
    <Filter Include="Source Files">
      <UniqueIdentifier>{d932b1d8-8a63-4702-b338-9bde0b856aad}</UniqueIdentifier>
      <Extensions>cpp;c;cc;cxx;def;odl;idl;hpj;bat;asm;asmx</Extensions>
    </Filter>
  </ItemGroup>
  <ItemGroup>
    <ClInclude Include="..\CF++\include\CF++\CFPP-Array.hpp">
      <Filter>Header Files</Filter>
    </ClInclude>
    <ClInclude Include="..\CF++\include\CF++\CFPP-AutoPointer.hpp">
      <Filter>Header Files</Filter>
    </ClInclude>
    <ClInclude Include="..\CF++\include\CF++\CFPP-Boolean.hpp">
      <Filter>Header Files</Filter>
    </ClInclude>
    <ClInclude Include="..\CF++\include\CF++\CFPP-Data.hpp">
      <Filter>Header Files</Filter>
    </ClInclude>
    <ClInclude Include="..\CF++\include\CF++\CFPP-Date.hpp">
      <Filter>Header Files</Filter>
    </ClInclude>
    <ClInclude Include="..\CF++\include\CF++\CFPP-Dictionary.hpp">
      <Filter>Header Files</Filter>
    </ClInclude>
    <ClInclude Include="..\CF++\include\CF++\CFPP-Error.hpp">
      <Filter>Header Files</Filter>
    </ClInclude>
    <ClInclude Include="..\CF++\include\CF++\CFPP-Number.hpp">
      <Filter>Header Files</Filter>
    </ClInclude>
    <ClInclude Include="..\CF++\include\CF++\CFPP-Pair.hpp">
      <Filter>Header Files</Filter>
    </ClInclude>
    <ClInclude Include="..\CF++\include\CF++\CFPP-PropertyListType-Definition.hpp">
      <Filter>Header Files</Filter>
    </ClInclude>
    <ClInclude Include="..\CF++\include\CF++\CFPP-PropertyListType.hpp">
      <Filter>Header Files</Filter>
    </ClInclude>
    <ClInclude Include="..\CF++\include\CF++\CFPP-ReadStream.hpp">
      <Filter>Header Files</Filter>
    </ClInclude>
    <ClInclude Include="..\CF++\include\CF++\CFPP-String.hpp">
      <Filter>Header Files</Filter>
    </ClInclude>
    <ClInclude Include="..\CF++\include\CF++\CFPP-Type.hpp">
      <Filter>Header Files</Filter>
    </ClInclude>
    <ClInclude Include="..\CF++\include\CF++\CFPP-URL.hpp">
      <Filter>Header Files</Filter>
    </ClInclude>
    <ClInclude Include="..\CF++\include\CF++\CFPP-UUID.hpp">
      <Filter>Header Files</Filter>
    </ClInclude>
    <ClInclude Include="..\CF++\include\CF++\CFPP-WriteStream.hpp">
      <Filter>Header Files</Filter>
    </ClInclude>
    <ClInclude Include="..\CF++\include\CF++.hpp">
      <Filter>Header Files</Filter>
    </ClInclude>
  </ItemGroup>
  <ItemGroup>
    <ClCompile Include="..\CF++\source\CFPP-Array-Iterator.cpp">
      <Filter>Source Files</Filter>
    </ClCompile>
    <ClCompile Include="..\CF++\source\CFPP-Array.cpp">
      <Filter>Source Files</Filter>
    </ClCompile>
    <ClCompile Include="..\CF++\source\CFPP-AutoPointer.cpp">
      <Filter>Source Files</Filter>
    </ClCompile>
    <ClCompile Include="..\CF++\source\CFPP-Boolean.cpp">
      <Filter>Source Files</Filter>
    </ClCompile>
    <ClCompile Include="..\CF++\source\CFPP-Data-Iterator.cpp">
      <Filter>Source Files</Filter>
    </ClCompile>
    <ClCompile Include="..\CF++\source\CFPP-Data.cpp">
      <Filter>Source Files</Filter>
    </ClCompile>
    <ClCompile Include="..\CF++\source\CFPP-Date.cpp">
      <Filter>Source Files</Filter>
    </ClCompile>
    <ClCompile Include="..\CF++\source\CFPP-Dictionary-Iterator.cpp">
      <Filter>Source Files</Filter>
    </ClCompile>
    <ClCompile Include="..\CF++\source\CFPP-Dictionary.cpp">
      <Filter>Source Files</Filter>
    </ClCompile>
    <ClCompile Include="..\CF++\source\CFPP-Error.cpp">
      <Filter>Source Files</Filter>
    </ClCompile>
    <ClCompile Include="..\CF++\source\CFPP-Number.cpp">
      <Filter>Source Files</Filter>
    </ClCompile>
    <ClCompile Include="..\CF++\source\CFPP-Pair.cpp">
      <Filter>Source Files</Filter>
    </ClCompile>
    <ClCompile Include="..\CF++\source\CFPP-ReadStream.cpp">
      <Filter>Source Files</Filter>
    </ClCompile>
    <ClCompile Include="..\CF++\source\CFPP-String-Iterator.cpp">
      <Filter>Source Files</Filter>
    </ClCompile>
    <ClCompile Include="..\CF++\source\CFPP-String.cpp">
      <Filter>Source Files</Filter>
    </ClCompile>
    <ClCompile Include="..\CF++\source\CFPP-Type.cpp">
      <Filter>Source Files</Filter>
    </ClCompile>
    <ClCompile Include="..\CF++\source\CFPP-URL.cpp">
      <Filter>Source Files</Filter>
    </ClCompile>
    <ClCompile Include="..\CF++\source\CFPP-UUID.cpp">
      <Filter>Source Files</Filter>
    </ClCompile>
    <ClCompile Include="..\CF++\source\CFPP-WriteStream.cpp">
      <Filter>Source Files</Filter>
    </ClCompile>
    <ClCompile Include="..\CF++\source\CFPP-ReadStream-Iterator.cpp">
      <Filter>Source Files</Filter>
    </ClCompile>
  </ItemGroup>
</Project>